// !$*UTF8*$!
{
	archiveVersion = 1;
	classes = {
	};
	objectVersion = 46;
	objects = {

/* Begin PBXBuildFile section */
		0187BDEA1AC82268D33DA5E8CC24D47F /* CocoaLumberjack.h in Headers */ = {isa = PBXBuildFile; fileRef = DA2C6DA005DB009D969D50DE19CE7073 /* CocoaLumberjack.h */; };
		01940F58488C431CB8FF7F6A8D839C88 /* NBULogContextDescription.h in Headers */ = {isa = PBXBuildFile; fileRef = 2E1DB5452D66335FE236AF10AEF9F404 /* NBULogContextDescription.h */; };
		1033B4C9741F5B610C8902386BCB7BB6 /* NBULog.h in Headers */ = {isa = PBXBuildFile; fileRef = 6298825F3FF9E55AF2AFD86BFAADF17C /* NBULog.h */; };
		14A742E38ACAE071D3405086D1529E7D /* DDLegacyMacros.h in Headers */ = {isa = PBXBuildFile; fileRef = 5EE2E17BCC86C70185BBAC7A42C0755D /* DDLegacyMacros.h */; };
		1DFF8692B8BA06191453AADA5BDFD501 /* Pods-NNDraggableScrollBarController_Tests-dummy.m in Sources */ = {isa = PBXBuildFile; fileRef = 03FE085C4753CA7C52507A60F2C8DF08 /* Pods-NNDraggableScrollBarController_Tests-dummy.m */; };
		1E6B174A2E129B5FA2BAE76CAEF0E9CB /* Foundation.framework in Frameworks */ = {isa = PBXBuildFile; fileRef = D1BA4D6C9AEBDBE928C6731A0B381C5E /* Foundation.framework */; };
		1F16937451D424B1AB32D1DAAD12035F /* DDASLLogCapture.m in Sources */ = {isa = PBXBuildFile; fileRef = 6416D8A7C96C14B1D39D9D7FF5A0B46D /* DDASLLogCapture.m */; settings = {COMPILER_FLAGS = "-DOS_OBJECT_USE_OBJC=0"; }; };
		2156B0F57E8771684FB3A6088E0AC359 /* NBULogFormatter.m in Sources */ = {isa = PBXBuildFile; fileRef = 4D28F914457DE57A0A9796AAA20B3EB0 /* NBULogFormatter.m */; settings = {COMPILER_FLAGS = "-DOS_OBJECT_USE_OBJC=0"; }; };
		263AF1F8CE416FCDB7DAA2DA4300745D /* Pods-NNDraggableScrollBarController_Example-dummy.m in Sources */ = {isa = PBXBuildFile; fileRef = 2CD50CE08307B18F6BF013AB0F7F1452 /* Pods-NNDraggableScrollBarController_Example-dummy.m */; };
		2659C34940066371E7936716B99B4B16 /* Foundation.framework in Frameworks */ = {isa = PBXBuildFile; fileRef = D1BA4D6C9AEBDBE928C6731A0B381C5E /* Foundation.framework */; };
		2B7730ACFA228E600D0462B7BD49CA7F /* FBKVOController.h in Headers */ = {isa = PBXBuildFile; fileRef = E3A3D329910F0017D5C96EE83E084613 /* FBKVOController.h */; };
		2BDE7EF909FEA55305C50331F23616A6 /* NBULog.m in Sources */ = {isa = PBXBuildFile; fileRef = 184384976D7285F7E5BE00799AE6F181 /* NBULog.m */; settings = {COMPILER_FLAGS = "-DOS_OBJECT_USE_OBJC=0"; }; };
		2D2E54D66D783B890D0CC1AC35F843D5 /* DDTTYLogger.m in Sources */ = {isa = PBXBuildFile; fileRef = 2C6AF6543940DFBF88C3DA8E176CF64E /* DDTTYLogger.m */; settings = {COMPILER_FLAGS = "-DOS_OBJECT_USE_OBJC=0"; }; };
		37B96D223DC0DA9349B6A758AD2889E0 /* ScrollViewFrameAccessor.h in Headers */ = {isa = PBXBuildFile; fileRef = A9D66D2EEAD6E0C265E5E254D8AB189D /* ScrollViewFrameAccessor.h */; };
		3EEA43952C12B47236FAF4B513185387 /* DDAbstractDatabaseLogger.h in Headers */ = {isa = PBXBuildFile; fileRef = B2C72D8677D3A9F4324F2C3E77CB84D7 /* DDAbstractDatabaseLogger.h */; };
		43479F2034F075BD6D8F6A0255549849 /* Foundation.framework in Frameworks */ = {isa = PBXBuildFile; fileRef = D1BA4D6C9AEBDBE928C6731A0B381C5E /* Foundation.framework */; };
		45FFC29438429FCE63F3C39EB8A0FACF /* DDContextFilterLogFormatter.h in Headers */ = {isa = PBXBuildFile; fileRef = D265371CF9B13B6CBFCDA76F5D40FA5E /* DDContextFilterLogFormatter.h */; };
		4BC373FC8F25942446FA76B18696DCBF /* CocoaLumberjack-dummy.m in Sources */ = {isa = PBXBuildFile; fileRef = 9829991CF47F83A0C24DE5AFB9AF2496 /* CocoaLumberjack-dummy.m */; };
		54FD9D858CF9C21EA457B255F905F9AC /* DDLogMacros.h in Headers */ = {isa = PBXBuildFile; fileRef = D08DF0EC4B4D0D10A97D434E5977E747 /* DDLogMacros.h */; };
		5595AAB69430D12A4DC0DFA9EB9AA6DC /* DDContextFilterLogFormatter.m in Sources */ = {isa = PBXBuildFile; fileRef = 7F9F9A97D89BADCD7651849153FCE4B5 /* DDContextFilterLogFormatter.m */; settings = {COMPILER_FLAGS = "-DOS_OBJECT_USE_OBJC=0"; }; };
		57B3A90377466D3E8B8D544842A06A67 /* Foundation.framework in Frameworks */ = {isa = PBXBuildFile; fileRef = D1BA4D6C9AEBDBE928C6731A0B381C5E /* Foundation.framework */; };
		57E2EFFB3FA97A3902E6E70BA75300AE /* ViewFrameAccessor.m in Sources */ = {isa = PBXBuildFile; fileRef = D16C214DD59129AF716C2DB66537ACC3 /* ViewFrameAccessor.m */; settings = {COMPILER_FLAGS = "-DOS_OBJECT_USE_OBJC=0"; }; };
		5A69572F04C06C02FD131E432D56C249 /* NNDraggableScrollBarController-dummy.m in Sources */ = {isa = PBXBuildFile; fileRef = B709BA945A071159488841C43FE78017 /* NNDraggableScrollBarController-dummy.m */; };
		5F4E6FEEF6F827CEAB01F93892CE1E5A /* DDMultiFormatter.h in Headers */ = {isa = PBXBuildFile; fileRef = C8F90434D6923078F3C5DE2733FC8195 /* DDMultiFormatter.h */; };
		63A4AA3209A37128348E7EF7B79C90CF /* NBULogFormatter.h in Headers */ = {isa = PBXBuildFile; fileRef = BE0093E1E306ED5DE3B05DFC0DE12F78 /* NBULogFormatter.h */; };
		6E48FBA26AB15DEF6199B632B4B13ABD /* DDFileLogger.m in Sources */ = {isa = PBXBuildFile; fileRef = 2976D99A9F66B76F5A1DC6B30DF8615A /* DDFileLogger.m */; settings = {COMPILER_FLAGS = "-DOS_OBJECT_USE_OBJC=0"; }; };
		73FC034935EA89098247DAEE9E1FCA6C /* KVOController-dummy.m in Sources */ = {isa = PBXBuildFile; fileRef = E615B0B4F02B3E27D4E4EDCF270FBD4C /* KVOController-dummy.m */; };
		74A81D0A47114FF9A379AF95BB5B82C5 /* DDAbstractDatabaseLogger.m in Sources */ = {isa = PBXBuildFile; fileRef = 76C6672C3248B6B4C9E6A59902ADF452 /* DDAbstractDatabaseLogger.m */; settings = {COMPILER_FLAGS = "-DOS_OBJECT_USE_OBJC=0"; }; };
		74CD73A7E138B701269A4BCEC1DBE879 /* Foundation.framework in Frameworks */ = {isa = PBXBuildFile; fileRef = D1BA4D6C9AEBDBE928C6731A0B381C5E /* Foundation.framework */; };
		7DBA81A24CA72B15A97A477E1B83659A /* FBKVOController.m in Sources */ = {isa = PBXBuildFile; fileRef = D4CD0F4DED63E0CA04BB3CCFFC3FBF01 /* FBKVOController.m */; };
		7F5314626CEBF742097E58D6340EEFD4 /* DDASLLogCapture.h in Headers */ = {isa = PBXBuildFile; fileRef = EA0D7DE2583310043375FA36BB7625F2 /* DDASLLogCapture.h */; };
		7F7C4842A93524620057B497F08F5746 /* DDLog+LOGV.h in Headers */ = {isa = PBXBuildFile; fileRef = D37EF93CD928CD8BDA2FCFE4A5CB6329 /* DDLog+LOGV.h */; };
		8147ADAFB50D1FCBBAE59A6BD4619E8F /* DDAssertMacros.h in Headers */ = {isa = PBXBuildFile; fileRef = B4460B96589FD1CC7C228E7042DF8D91 /* DDAssertMacros.h */; };
		83D4C7E0AD68770BC775435CD2FC115E /* DDTTYLogger.h in Headers */ = {isa = PBXBuildFile; fileRef = 42C8CE02F77F1C5BA7797A1DF3B693E3 /* DDTTYLogger.h */; };
		8D2EA6F3E47DE5D804541CFC2E117758 /* NNDraggableScrollBarController.h in Headers */ = {isa = PBXBuildFile; fileRef = 23169353B3661214406CC1F8F3B7E068 /* NNDraggableScrollBarController.h */; };
		8D99AB7EED6392E661AE36BF7EB8AAB4 /* NBULog+Stub.m in Sources */ = {isa = PBXBuildFile; fileRef = 0074DF1E326F6B77B0C6AFEA558867F4 /* NBULog+Stub.m */; };
		8DAF7332D5D2AAA26A54ADDC4674610F /* Foundation.framework in Frameworks */ = {isa = PBXBuildFile; fileRef = D1BA4D6C9AEBDBE928C6731A0B381C5E /* Foundation.framework */; };
		966B97466653624535CCD6D7FFD7298D /* ScrollViewFrameAccessor.m in Sources */ = {isa = PBXBuildFile; fileRef = 6FC0DDFA7E444B2FC1D697F4632FBE80 /* ScrollViewFrameAccessor.m */; settings = {COMPILER_FLAGS = "-DOS_OBJECT_USE_OBJC=0"; }; };
		97A3AE6C2DFD94CF55E92C0B387C3FD2 /* DDDispatchQueueLogFormatter.m in Sources */ = {isa = PBXBuildFile; fileRef = 341290ED929B8F6DB43711CE9C3D9E8F /* DDDispatchQueueLogFormatter.m */; settings = {COMPILER_FLAGS = "-DOS_OBJECT_USE_OBJC=0"; }; };
		A2B233D41475E37563B2937BC3E833E4 /* NBULog+Stub.h in Headers */ = {isa = PBXBuildFile; fileRef = D6F2741E08E7182AD7E62EA7110933CC /* NBULog+Stub.h */; };
		A90BC1D3EC3FD41AA3D178C37D880395 /* DDDispatchQueueLogFormatter.h in Headers */ = {isa = PBXBuildFile; fileRef = 85788A843951104B4258364C69AF87D2 /* DDDispatchQueueLogFormatter.h */; };
		AAD58B60E0DE59217710302AE6943D41 /* NBULogStub-dummy.m in Sources */ = {isa = PBXBuildFile; fileRef = 5D1BF5E7871DDF824F62AF86A6F64849 /* NBULogStub-dummy.m */; };
		AAF3873239DA20D25FDB172735EEFA5E /* DDASLLogger.h in Headers */ = {isa = PBXBuildFile; fileRef = C9B52CC17A3C58455B9FA544F776D74E /* DDASLLogger.h */; };
		AC2A7F051556B98EB67D19E06CFCF832 /* DDASLLogger.m in Sources */ = {isa = PBXBuildFile; fileRef = D8AB26A68EECBE9968CB28F5243BC13C /* DDASLLogger.m */; settings = {COMPILER_FLAGS = "-DOS_OBJECT_USE_OBJC=0"; }; };
		AD21750A46A03C2339B048119C958F2A /* DDMultiFormatter.m in Sources */ = {isa = PBXBuildFile; fileRef = 260DCB45501EAEB5CA5A9D1CE120BA8C /* DDMultiFormatter.m */; settings = {COMPILER_FLAGS = "-DOS_OBJECT_USE_OBJC=0"; }; };
		B903D6D2E5E593C19BBFD98F147ADDFA /* NBULog-dummy.m in Sources */ = {isa = PBXBuildFile; fileRef = 8853BA5FEA696567FF9EE05018F40544 /* NBULog-dummy.m */; };
		BA4C7C31BCD2C1028E1A6CE743BD5E44 /* NNDraggableScrollBarController.m in Sources */ = {isa = PBXBuildFile; fileRef = 2D8DC1FBA1FE7B53E285AB1413687E03 /* NNDraggableScrollBarController.m */; };
		C4D84A0AFF393616E9AEC886B00F5D1D /* DDFileLogger.h in Headers */ = {isa = PBXBuildFile; fileRef = 423472F356BC4C060C6880EA7269663C /* DDFileLogger.h */; };
		C85F1140464FE04DF93E485402881BD2 /* FrameAccessor-dummy.m in Sources */ = {isa = PBXBuildFile; fileRef = BE957B67C3FBF70734E411D365036FA8 /* FrameAccessor-dummy.m */; };
		CBF540C0E90B1C3AA37CE121865464FF /* FrameAccessor.h in Headers */ = {isa = PBXBuildFile; fileRef = 259D936A29B6EA2EC07E6CD57C00BF6F /* FrameAccessor.h */; };
		CCD3EB3C2AF4C0BBFA3B2FC30AFDA124 /* DDLog.h in Headers */ = {isa = PBXBuildFile; fileRef = 18603E730722C917C41E2E8C17876803 /* DDLog.h */; };
		CF18F456246D5428AC83E64398044AF2 /* DDLog.m in Sources */ = {isa = PBXBuildFile; fileRef = 7EAAA2C9F5D1119AEC2EBF5BEE8B6706 /* DDLog.m */; settings = {COMPILER_FLAGS = "-DOS_OBJECT_USE_OBJC=0"; }; };
		D5D3D751DDE223883BFBC2E81DFB9F10 /* ViewFrameAccessor.h in Headers */ = {isa = PBXBuildFile; fileRef = D0D888E80C814761C3E02286AD6302B6 /* ViewFrameAccessor.h */; };
		DFE97F6BBB48B752E4379498040BDDAC /* Foundation.framework in Frameworks */ = {isa = PBXBuildFile; fileRef = D1BA4D6C9AEBDBE928C6731A0B381C5E /* Foundation.framework */; };
		F39CA46268FC52EFA81989B5F3BFBCF0 /* Foundation.framework in Frameworks */ = {isa = PBXBuildFile; fileRef = D1BA4D6C9AEBDBE928C6731A0B381C5E /* Foundation.framework */; };
		F43F857C45B68EC7E93C01E2839425FA /* NBULogContextDescription.m in Sources */ = {isa = PBXBuildFile; fileRef = BD018AA4080BE99AD42DCAF3201B33ED /* NBULogContextDescription.m */; settings = {COMPILER_FLAGS = "-DOS_OBJECT_USE_OBJC=0"; }; };
		F7F742231E91BAED370202BE8E31F3EB /* NBULogStub.h in Headers */ = {isa = PBXBuildFile; fileRef = 3FFB1E209D770527187313714740C000 /* NBULogStub.h */; };
/* End PBXBuildFile section */

/* Begin PBXContainerItemProxy section */
		10A161B827F0DFF5491B47174E6A54B4 /* PBXContainerItemProxy */ = {
			isa = PBXContainerItemProxy;
			containerPortal = D41D8CD98F00B204E9800998ECF8427E /* Project object */;
			proxyType = 1;
			remoteGlobalIDString = DE1C31EF337357C9F45D0F5608184AF4;
			remoteInfo = NBULog;
		};
		18B1795FDE6554BAF1D8AA24CF530A0A /* PBXContainerItemProxy */ = {
			isa = PBXContainerItemProxy;
			containerPortal = D41D8CD98F00B204E9800998ECF8427E /* Project object */;
			proxyType = 1;
			remoteGlobalIDString = 326FBC459790E9C576FC526FB97BAA17;
			remoteInfo = KVOController;
		};
		2873385B7367BD0AEC2A8F67DC3F7C65 /* PBXContainerItemProxy */ = {
			isa = PBXContainerItemProxy;
			containerPortal = D41D8CD98F00B204E9800998ECF8427E /* Project object */;
			proxyType = 1;
			remoteGlobalIDString = 3B9E5E14478AE3CCE9C0A1444F607D62;
			remoteInfo = FrameAccessor;
		};
		2D728E0EE3647B3B0105D88E9C6C83A8 /* PBXContainerItemProxy */ = {
			isa = PBXContainerItemProxy;
			containerPortal = D41D8CD98F00B204E9800998ECF8427E /* Project object */;
			proxyType = 1;
			remoteGlobalIDString = 4B238B6DA667BD1F096E5076F5B30618;
			remoteInfo = CocoaLumberjack;
		};
		2D9D4AA60722F32B2D3C2E36E97EC41E /* PBXContainerItemProxy */ = {
			isa = PBXContainerItemProxy;
			containerPortal = D41D8CD98F00B204E9800998ECF8427E /* Project object */;
			proxyType = 1;
			remoteGlobalIDString = 326FBC459790E9C576FC526FB97BAA17;
			remoteInfo = KVOController;
		};
		57EFB2C2153615A68011C0A9F99801B4 /* PBXContainerItemProxy */ = {
			isa = PBXContainerItemProxy;
			containerPortal = D41D8CD98F00B204E9800998ECF8427E /* Project object */;
			proxyType = 1;
			remoteGlobalIDString = E4E7E74D151AD416FBA462551B766FA2;
			remoteInfo = NNDraggableScrollBarController;
		};
		66E62A19034FBF57B625BCAB8040AEBE /* PBXContainerItemProxy */ = {
			isa = PBXContainerItemProxy;
			containerPortal = D41D8CD98F00B204E9800998ECF8427E /* Project object */;
			proxyType = 1;
			remoteGlobalIDString = 0A642BDF571FB12E6409B3C6E49EC5D4;
			remoteInfo = NBULogStub;
		};
		684C5DEB402A653F7D56EFBAB4B5958B /* PBXContainerItemProxy */ = {
			isa = PBXContainerItemProxy;
			containerPortal = D41D8CD98F00B204E9800998ECF8427E /* Project object */;
			proxyType = 1;
			remoteGlobalIDString = 0A642BDF571FB12E6409B3C6E49EC5D4;
			remoteInfo = NBULogStub;
		};
		6FB9799EB4758C737A41C3ED12D06169 /* PBXContainerItemProxy */ = {
			isa = PBXContainerItemProxy;
			containerPortal = D41D8CD98F00B204E9800998ECF8427E /* Project object */;
			proxyType = 1;
			remoteGlobalIDString = 326FBC459790E9C576FC526FB97BAA17;
			remoteInfo = KVOController;
		};
		7AD4D81FBF1D1A48566C029CFF80FB89 /* PBXContainerItemProxy */ = {
			isa = PBXContainerItemProxy;
			containerPortal = D41D8CD98F00B204E9800998ECF8427E /* Project object */;
			proxyType = 1;
			remoteGlobalIDString = 3B9E5E14478AE3CCE9C0A1444F607D62;
			remoteInfo = FrameAccessor;
		};
		87C1B978F48A7A65CBFED3683BAAE625 /* PBXContainerItemProxy */ = {
			isa = PBXContainerItemProxy;
			containerPortal = D41D8CD98F00B204E9800998ECF8427E /* Project object */;
			proxyType = 1;
			remoteGlobalIDString = 4B238B6DA667BD1F096E5076F5B30618;
			remoteInfo = CocoaLumberjack;
		};
		A3156B0C1EF4C041E11AFF4129FE04F8 /* PBXContainerItemProxy */ = {
			isa = PBXContainerItemProxy;
			containerPortal = D41D8CD98F00B204E9800998ECF8427E /* Project object */;
			proxyType = 1;
			remoteGlobalIDString = 257A259BD81A72CF12CAEC49D486F26A;
			remoteInfo = "NBULogStub-NBULogStub";
		};
		AB4044316F829C6E5683D64B2ECB55FB /* PBXContainerItemProxy */ = {
			isa = PBXContainerItemProxy;
			containerPortal = D41D8CD98F00B204E9800998ECF8427E /* Project object */;
			proxyType = 1;
			remoteGlobalIDString = 4A2181D16928C1519584154D52268EBA;
			remoteInfo = "NNDraggableScrollBarController-NNDraggableScrollBarController";
		};
		ADBF7FA8E5B923EA7F59AF351DE739FE /* PBXContainerItemProxy */ = {
			isa = PBXContainerItemProxy;
			containerPortal = D41D8CD98F00B204E9800998ECF8427E /* Project object */;
			proxyType = 1;
			remoteGlobalIDString = 0A642BDF571FB12E6409B3C6E49EC5D4;
			remoteInfo = NBULogStub;
		};
		D1DA4E6A5C469743C75BC4C925422914 /* PBXContainerItemProxy */ = {
			isa = PBXContainerItemProxy;
			containerPortal = D41D8CD98F00B204E9800998ECF8427E /* Project object */;
			proxyType = 1;
			remoteGlobalIDString = 3B9E5E14478AE3CCE9C0A1444F607D62;
			remoteInfo = FrameAccessor;
		};
		D22FC015C3625D565A65C8D1E9FDD407 /* PBXContainerItemProxy */ = {
			isa = PBXContainerItemProxy;
			containerPortal = D41D8CD98F00B204E9800998ECF8427E /* Project object */;
			proxyType = 1;
			remoteGlobalIDString = E4E7E74D151AD416FBA462551B766FA2;
			remoteInfo = NNDraggableScrollBarController;
		};
/* End PBXContainerItemProxy section */

/* Begin PBXFileReference section */
		0074DF1E326F6B77B0C6AFEA558867F4 /* NBULog+Stub.m */ = {isa = PBXFileReference; includeInIndex = 1; lastKnownFileType = sourcecode.c.objc; name = "NBULog+Stub.m"; path = "Pod/Classes/NBULog+Stub.m"; sourceTree = "<group>"; };
		03FE085C4753CA7C52507A60F2C8DF08 /* Pods-NNDraggableScrollBarController_Tests-dummy.m */ = {isa = PBXFileReference; includeInIndex = 1; lastKnownFileType = sourcecode.c.objc; path = "Pods-NNDraggableScrollBarController_Tests-dummy.m"; sourceTree = "<group>"; };
		07443A5FE311586D8899C7AA4C6DA1A1 /* KVOController-Private.xcconfig */ = {isa = PBXFileReference; includeInIndex = 1; lastKnownFileType = text.xcconfig; path = "KVOController-Private.xcconfig"; sourceTree = "<group>"; };
		09A8A99E30802F7467C8FC02237925FE /* libPods-NNDraggableScrollBarController_Tests.a */ = {isa = PBXFileReference; explicitFileType = archive.ar; includeInIndex = 0; path = "libPods-NNDraggableScrollBarController_Tests.a"; sourceTree = BUILT_PRODUCTS_DIR; };
		0FCA99BFCD3A2BDF8298609D21F466A2 /* NBULog-prefix.pch */ = {isa = PBXFileReference; includeInIndex = 1; lastKnownFileType = sourcecode.c.h; path = "NBULog-prefix.pch"; sourceTree = "<group>"; };
		184384976D7285F7E5BE00799AE6F181 /* NBULog.m */ = {isa = PBXFileReference; includeInIndex = 1; lastKnownFileType = sourcecode.c.objc; name = NBULog.m; path = Source/NBULog.m; sourceTree = "<group>"; };
		18603E730722C917C41E2E8C17876803 /* DDLog.h */ = {isa = PBXFileReference; includeInIndex = 1; lastKnownFileType = sourcecode.c.h; name = DDLog.h; path = Classes/DDLog.h; sourceTree = "<group>"; };
		1D10F2A2E8CE7199132119BB18B8DEF5 /* Pods-NNDraggableScrollBarController_Example-acknowledgements.markdown */ = {isa = PBXFileReference; includeInIndex = 1; lastKnownFileType = text; path = "Pods-NNDraggableScrollBarController_Example-acknowledgements.markdown"; sourceTree = "<group>"; };
		1F8CE67B529333AD6C43476D9B017596 /* NNDraggableScrollBarController-prefix.pch */ = {isa = PBXFileReference; includeInIndex = 1; lastKnownFileType = sourcecode.c.h; path = "NNDraggableScrollBarController-prefix.pch"; sourceTree = "<group>"; };
		23169353B3661214406CC1F8F3B7E068 /* NNDraggableScrollBarController.h */ = {isa = PBXFileReference; includeInIndex = 1; lastKnownFileType = sourcecode.c.h; path = NNDraggableScrollBarController.h; sourceTree = "<group>"; };
		2337BB5E716D6250C7DDC0EFE02A8F67 /* CocoaLumberjack.xcconfig */ = {isa = PBXFileReference; includeInIndex = 1; lastKnownFileType = text.xcconfig; path = CocoaLumberjack.xcconfig; sourceTree = "<group>"; };
		259D936A29B6EA2EC07E6CD57C00BF6F /* FrameAccessor.h */ = {isa = PBXFileReference; includeInIndex = 1; lastKnownFileType = sourcecode.c.h; name = FrameAccessor.h; path = FrameAccessor/FrameAccessor.h; sourceTree = "<group>"; };
		25C79358B2F88735CBA317156176F24B /* Pods-NNDraggableScrollBarController_Tests-acknowledgements.markdown */ = {isa = PBXFileReference; includeInIndex = 1; lastKnownFileType = text; path = "Pods-NNDraggableScrollBarController_Tests-acknowledgements.markdown"; sourceTree = "<group>"; };
		260DCB45501EAEB5CA5A9D1CE120BA8C /* DDMultiFormatter.m */ = {isa = PBXFileReference; includeInIndex = 1; lastKnownFileType = sourcecode.c.objc; name = DDMultiFormatter.m; path = Classes/Extensions/DDMultiFormatter.m; sourceTree = "<group>"; };
		26A3E18174DFB8F5E68936E6AA0C67B4 /* libNBULog.a */ = {isa = PBXFileReference; explicitFileType = archive.ar; includeInIndex = 0; path = libNBULog.a; sourceTree = BUILT_PRODUCTS_DIR; };
		2976D99A9F66B76F5A1DC6B30DF8615A /* DDFileLogger.m */ = {isa = PBXFileReference; includeInIndex = 1; lastKnownFileType = sourcecode.c.objc; name = DDFileLogger.m; path = Classes/DDFileLogger.m; sourceTree = "<group>"; };
		2C6AF6543940DFBF88C3DA8E176CF64E /* DDTTYLogger.m */ = {isa = PBXFileReference; includeInIndex = 1; lastKnownFileType = sourcecode.c.objc; name = DDTTYLogger.m; path = Classes/DDTTYLogger.m; sourceTree = "<group>"; };
		2C740BD1FDCCDF3F3A9B71DFD1C3062A /* libCocoaLumberjack.a */ = {isa = PBXFileReference; explicitFileType = archive.ar; includeInIndex = 0; path = libCocoaLumberjack.a; sourceTree = BUILT_PRODUCTS_DIR; };
		2CD50CE08307B18F6BF013AB0F7F1452 /* Pods-NNDraggableScrollBarController_Example-dummy.m */ = {isa = PBXFileReference; includeInIndex = 1; lastKnownFileType = sourcecode.c.objc; path = "Pods-NNDraggableScrollBarController_Example-dummy.m"; sourceTree = "<group>"; };
		2D8DC1FBA1FE7B53E285AB1413687E03 /* NNDraggableScrollBarController.m */ = {isa = PBXFileReference; includeInIndex = 1; lastKnownFileType = sourcecode.c.objc; path = NNDraggableScrollBarController.m; sourceTree = "<group>"; };
		2E1DB5452D66335FE236AF10AEF9F404 /* NBULogContextDescription.h */ = {isa = PBXFileReference; includeInIndex = 1; lastKnownFileType = sourcecode.c.h; name = NBULogContextDescription.h; path = Source/NBULogContextDescription.h; sourceTree = "<group>"; };
		2ED89491AE88DC36765A990BAE94AD3A /* CocoaLumberjack-Private.xcconfig */ = {isa = PBXFileReference; includeInIndex = 1; lastKnownFileType = text.xcconfig; path = "CocoaLumberjack-Private.xcconfig"; sourceTree = "<group>"; };
		3408E4A3447F00221852352C22B93474 /* KVOController.xcconfig */ = {isa = PBXFileReference; includeInIndex = 1; lastKnownFileType = text.xcconfig; path = KVOController.xcconfig; sourceTree = "<group>"; };
		341290ED929B8F6DB43711CE9C3D9E8F /* DDDispatchQueueLogFormatter.m */ = {isa = PBXFileReference; includeInIndex = 1; lastKnownFileType = sourcecode.c.objc; name = DDDispatchQueueLogFormatter.m; path = Classes/Extensions/DDDispatchQueueLogFormatter.m; sourceTree = "<group>"; };
		34211B22D2DCF17F979BDF05375956CB /* NBULog.xcconfig */ = {isa = PBXFileReference; includeInIndex = 1; lastKnownFileType = text.xcconfig; path = NBULog.xcconfig; sourceTree = "<group>"; };
		37668871022BF4B6B76C57A57ADEF357 /* NBULogStub.xcconfig */ = {isa = PBXFileReference; includeInIndex = 1; lastKnownFileType = text.xcconfig; path = NBULogStub.xcconfig; sourceTree = "<group>"; };
		3E949766A6D4108B6B6F6ABD4D3E4649 /* Pods-NNDraggableScrollBarController_Tests.release.xcconfig */ = {isa = PBXFileReference; includeInIndex = 1; lastKnownFileType = text.xcconfig; path = "Pods-NNDraggableScrollBarController_Tests.release.xcconfig"; sourceTree = "<group>"; };
		3FFB1E209D770527187313714740C000 /* NBULogStub.h */ = {isa = PBXFileReference; includeInIndex = 1; lastKnownFileType = sourcecode.c.h; name = NBULogStub.h; path = Pod/Classes/NBULogStub.h; sourceTree = "<group>"; };
		423472F356BC4C060C6880EA7269663C /* DDFileLogger.h */ = {isa = PBXFileReference; includeInIndex = 1; lastKnownFileType = sourcecode.c.h; name = DDFileLogger.h; path = Classes/DDFileLogger.h; sourceTree = "<group>"; };
		42C8CE02F77F1C5BA7797A1DF3B693E3 /* DDTTYLogger.h */ = {isa = PBXFileReference; includeInIndex = 1; lastKnownFileType = sourcecode.c.h; name = DDTTYLogger.h; path = Classes/DDTTYLogger.h; sourceTree = "<group>"; };
		4D28F914457DE57A0A9796AAA20B3EB0 /* NBULogFormatter.m */ = {isa = PBXFileReference; includeInIndex = 1; lastKnownFileType = sourcecode.c.objc; name = NBULogFormatter.m; path = Source/NBULogFormatter.m; sourceTree = "<group>"; };
		53C093865807B6B6EA76DEC5A9B830B1 /* Pods-NNDraggableScrollBarController_Example.release.xcconfig */ = {isa = PBXFileReference; includeInIndex = 1; lastKnownFileType = text.xcconfig; path = "Pods-NNDraggableScrollBarController_Example.release.xcconfig"; sourceTree = "<group>"; };
		5D1BF5E7871DDF824F62AF86A6F64849 /* NBULogStub-dummy.m */ = {isa = PBXFileReference; includeInIndex = 1; lastKnownFileType = sourcecode.c.objc; path = "NBULogStub-dummy.m"; sourceTree = "<group>"; };
		5EE2E17BCC86C70185BBAC7A42C0755D /* DDLegacyMacros.h */ = {isa = PBXFileReference; includeInIndex = 1; lastKnownFileType = sourcecode.c.h; name = DDLegacyMacros.h; path = Classes/DDLegacyMacros.h; sourceTree = "<group>"; };
		6298825F3FF9E55AF2AFD86BFAADF17C /* NBULog.h */ = {isa = PBXFileReference; includeInIndex = 1; lastKnownFileType = sourcecode.c.h; name = NBULog.h; path = Source/NBULog.h; sourceTree = "<group>"; };
		6331FB14B809FB287AC53A421528F3EA /* NNDraggableScrollBarController.bundle */ = {isa = PBXFileReference; explicitFileType = wrapper.cfbundle; includeInIndex = 0; path = NNDraggableScrollBarController.bundle; sourceTree = BUILT_PRODUCTS_DIR; };
		6416D8A7C96C14B1D39D9D7FF5A0B46D /* DDASLLogCapture.m */ = {isa = PBXFileReference; includeInIndex = 1; lastKnownFileType = sourcecode.c.objc; name = DDASLLogCapture.m; path = Classes/DDASLLogCapture.m; sourceTree = "<group>"; };
		6781854AA3F51DA2C4DD78E00F713838 /* Pods-NNDraggableScrollBarController_Tests-resources.sh */ = {isa = PBXFileReference; includeInIndex = 1; lastKnownFileType = text.script.sh; path = "Pods-NNDraggableScrollBarController_Tests-resources.sh"; sourceTree = "<group>"; };
		67CC74CE478C7CE5E96502741ED5DE7B /* FrameAccessor-Private.xcconfig */ = {isa = PBXFileReference; includeInIndex = 1; lastKnownFileType = text.xcconfig; path = "FrameAccessor-Private.xcconfig"; sourceTree = "<group>"; };
		69DA1B534B91E08E39FBC7EEBB563811 /* NBULogStub.bundle */ = {isa = PBXFileReference; explicitFileType = wrapper.cfbundle; includeInIndex = 0; path = NBULogStub.bundle; sourceTree = BUILT_PRODUCTS_DIR; };
		6FC0DDFA7E444B2FC1D697F4632FBE80 /* ScrollViewFrameAccessor.m */ = {isa = PBXFileReference; includeInIndex = 1; lastKnownFileType = sourcecode.c.objc; name = ScrollViewFrameAccessor.m; path = FrameAccessor/ScrollViewFrameAccessor.m; sourceTree = "<group>"; };
		76C6672C3248B6B4C9E6A59902ADF452 /* DDAbstractDatabaseLogger.m */ = {isa = PBXFileReference; includeInIndex = 1; lastKnownFileType = sourcecode.c.objc; name = DDAbstractDatabaseLogger.m; path = Classes/DDAbstractDatabaseLogger.m; sourceTree = "<group>"; };
		7A477DFD2BA316A0EF24A2A989BF88C3 /* libFrameAccessor.a */ = {isa = PBXFileReference; explicitFileType = archive.ar; includeInIndex = 0; path = libFrameAccessor.a; sourceTree = BUILT_PRODUCTS_DIR; };
		7CEB0F0C871CB09278D86FAA2A93FC70 /* KVOController-prefix.pch */ = {isa = PBXFileReference; includeInIndex = 1; lastKnownFileType = sourcecode.c.h; path = "KVOController-prefix.pch"; sourceTree = "<group>"; };
		7EAAA2C9F5D1119AEC2EBF5BEE8B6706 /* DDLog.m */ = {isa = PBXFileReference; includeInIndex = 1; lastKnownFileType = sourcecode.c.objc; name = DDLog.m; path = Classes/DDLog.m; sourceTree = "<group>"; };
		7F9F9A97D89BADCD7651849153FCE4B5 /* DDContextFilterLogFormatter.m */ = {isa = PBXFileReference; includeInIndex = 1; lastKnownFileType = sourcecode.c.objc; name = DDContextFilterLogFormatter.m; path = Classes/Extensions/DDContextFilterLogFormatter.m; sourceTree = "<group>"; };
		84DFC4C34CF1FE185980B7B01A2364A6 /* Pods-NNDraggableScrollBarController_Tests.debug.xcconfig */ = {isa = PBXFileReference; includeInIndex = 1; lastKnownFileType = text.xcconfig; path = "Pods-NNDraggableScrollBarController_Tests.debug.xcconfig"; sourceTree = "<group>"; };
		85788A843951104B4258364C69AF87D2 /* DDDispatchQueueLogFormatter.h */ = {isa = PBXFileReference; includeInIndex = 1; lastKnownFileType = sourcecode.c.h; name = DDDispatchQueueLogFormatter.h; path = Classes/Extensions/DDDispatchQueueLogFormatter.h; sourceTree = "<group>"; };
		8853BA5FEA696567FF9EE05018F40544 /* NBULog-dummy.m */ = {isa = PBXFileReference; includeInIndex = 1; lastKnownFileType = sourcecode.c.objc; path = "NBULog-dummy.m"; sourceTree = "<group>"; };
		91277A63F793FA5EDB539CC532CB0E90 /* Pods-NNDraggableScrollBarController_Tests-acknowledgements.plist */ = {isa = PBXFileReference; includeInIndex = 1; lastKnownFileType = text.plist.xml; path = "Pods-NNDraggableScrollBarController_Tests-acknowledgements.plist"; sourceTree = "<group>"; };
		9829991CF47F83A0C24DE5AFB9AF2496 /* CocoaLumberjack-dummy.m */ = {isa = PBXFileReference; includeInIndex = 1; lastKnownFileType = sourcecode.c.objc; path = "CocoaLumberjack-dummy.m"; sourceTree = "<group>"; };
		9F2DD510B68AAFE14EFBB1310D6320F9 /* libNNDraggableScrollBarController.a */ = {isa = PBXFileReference; explicitFileType = archive.ar; includeInIndex = 0; path = libNNDraggableScrollBarController.a; sourceTree = BUILT_PRODUCTS_DIR; };
		A451426A41631358B53EDD3A2CC5B54F /* NBULogStub-prefix.pch */ = {isa = PBXFileReference; includeInIndex = 1; lastKnownFileType = sourcecode.c.h; path = "NBULogStub-prefix.pch"; sourceTree = "<group>"; };
		A9D66D2EEAD6E0C265E5E254D8AB189D /* ScrollViewFrameAccessor.h */ = {isa = PBXFileReference; includeInIndex = 1; lastKnownFileType = sourcecode.c.h; name = ScrollViewFrameAccessor.h; path = FrameAccessor/ScrollViewFrameAccessor.h; sourceTree = "<group>"; };
		AC118BBDFF1E113FFF076C5DFA9A3C2E /* NNDraggableScrollBarController.xcconfig */ = {isa = PBXFileReference; includeInIndex = 1; lastKnownFileType = text.xcconfig; path = NNDraggableScrollBarController.xcconfig; sourceTree = "<group>"; };
		B2C72D8677D3A9F4324F2C3E77CB84D7 /* DDAbstractDatabaseLogger.h */ = {isa = PBXFileReference; includeInIndex = 1; lastKnownFileType = sourcecode.c.h; name = DDAbstractDatabaseLogger.h; path = Classes/DDAbstractDatabaseLogger.h; sourceTree = "<group>"; };
		B2CC11F7ABCA97314BDCC6826E5A3C8A /* CocoaLumberjack-prefix.pch */ = {isa = PBXFileReference; includeInIndex = 1; lastKnownFileType = sourcecode.c.h; path = "CocoaLumberjack-prefix.pch"; sourceTree = "<group>"; };
		B4460B96589FD1CC7C228E7042DF8D91 /* DDAssertMacros.h */ = {isa = PBXFileReference; includeInIndex = 1; lastKnownFileType = sourcecode.c.h; name = DDAssertMacros.h; path = Classes/DDAssertMacros.h; sourceTree = "<group>"; };
		B709BA945A071159488841C43FE78017 /* NNDraggableScrollBarController-dummy.m */ = {isa = PBXFileReference; includeInIndex = 1; lastKnownFileType = sourcecode.c.objc; path = "NNDraggableScrollBarController-dummy.m"; sourceTree = "<group>"; };
		BA6428E9F66FD5A23C0A2E06ED26CD2F /* Podfile */ = {isa = PBXFileReference; includeInIndex = 1; lastKnownFileType = text; name = Podfile; path = ../Podfile; sourceTree = SOURCE_ROOT; xcLanguageSpecificationIdentifier = xcode.lang.ruby; };
		BCFCD9B50EC09006124FE8DE84889511 /* libPods-NNDraggableScrollBarController_Example.a */ = {isa = PBXFileReference; explicitFileType = archive.ar; includeInIndex = 0; path = "libPods-NNDraggableScrollBarController_Example.a"; sourceTree = BUILT_PRODUCTS_DIR; };
		BD018AA4080BE99AD42DCAF3201B33ED /* NBULogContextDescription.m */ = {isa = PBXFileReference; includeInIndex = 1; lastKnownFileType = sourcecode.c.objc; name = NBULogContextDescription.m; path = Source/NBULogContextDescription.m; sourceTree = "<group>"; };
		BD473819CF3D21867405D8A9CF3C740C /* FrameAccessor.xcconfig */ = {isa = PBXFileReference; includeInIndex = 1; lastKnownFileType = text.xcconfig; path = FrameAccessor.xcconfig; sourceTree = "<group>"; };
		BDC550016BF8CC09BA237382FC4B6A95 /* NNDraggableScrollBarController-Private.xcconfig */ = {isa = PBXFileReference; includeInIndex = 1; lastKnownFileType = text.xcconfig; path = "NNDraggableScrollBarController-Private.xcconfig"; sourceTree = "<group>"; };
		BE0093E1E306ED5DE3B05DFC0DE12F78 /* NBULogFormatter.h */ = {isa = PBXFileReference; includeInIndex = 1; lastKnownFileType = sourcecode.c.h; name = NBULogFormatter.h; path = Source/NBULogFormatter.h; sourceTree = "<group>"; };
		BE957B67C3FBF70734E411D365036FA8 /* FrameAccessor-dummy.m */ = {isa = PBXFileReference; includeInIndex = 1; lastKnownFileType = sourcecode.c.objc; path = "FrameAccessor-dummy.m"; sourceTree = "<group>"; };
		BF6EC185D985D243736E49ADF48F9438 /* libNBULogStub.a */ = {isa = PBXFileReference; explicitFileType = archive.ar; includeInIndex = 0; path = libNBULogStub.a; sourceTree = BUILT_PRODUCTS_DIR; };
		C8F90434D6923078F3C5DE2733FC8195 /* DDMultiFormatter.h */ = {isa = PBXFileReference; includeInIndex = 1; lastKnownFileType = sourcecode.c.h; name = DDMultiFormatter.h; path = Classes/Extensions/DDMultiFormatter.h; sourceTree = "<group>"; };
		C94B02F92F8C84EDCDDA6AACF068363B /* Pods-NNDraggableScrollBarController_Example.debug.xcconfig */ = {isa = PBXFileReference; includeInIndex = 1; lastKnownFileType = text.xcconfig; path = "Pods-NNDraggableScrollBarController_Example.debug.xcconfig"; sourceTree = "<group>"; };
		C9B52CC17A3C58455B9FA544F776D74E /* DDASLLogger.h */ = {isa = PBXFileReference; includeInIndex = 1; lastKnownFileType = sourcecode.c.h; name = DDASLLogger.h; path = Classes/DDASLLogger.h; sourceTree = "<group>"; };
		CCB51D739F17199C3056AEFE196B6D3C /* Pods-NNDraggableScrollBarController_Example-resources.sh */ = {isa = PBXFileReference; includeInIndex = 1; lastKnownFileType = text.script.sh; path = "Pods-NNDraggableScrollBarController_Example-resources.sh"; sourceTree = "<group>"; };
		CE840DD7428783353E3B84F55AB3985F /* FrameAccessor-prefix.pch */ = {isa = PBXFileReference; includeInIndex = 1; lastKnownFileType = sourcecode.c.h; path = "FrameAccessor-prefix.pch"; sourceTree = "<group>"; };
		D08DF0EC4B4D0D10A97D434E5977E747 /* DDLogMacros.h */ = {isa = PBXFileReference; includeInIndex = 1; lastKnownFileType = sourcecode.c.h; name = DDLogMacros.h; path = Classes/DDLogMacros.h; sourceTree = "<group>"; };
		D0D888E80C814761C3E02286AD6302B6 /* ViewFrameAccessor.h */ = {isa = PBXFileReference; includeInIndex = 1; lastKnownFileType = sourcecode.c.h; name = ViewFrameAccessor.h; path = FrameAccessor/ViewFrameAccessor.h; sourceTree = "<group>"; };
		D16C214DD59129AF716C2DB66537ACC3 /* ViewFrameAccessor.m */ = {isa = PBXFileReference; includeInIndex = 1; lastKnownFileType = sourcecode.c.objc; name = ViewFrameAccessor.m; path = FrameAccessor/ViewFrameAccessor.m; sourceTree = "<group>"; };
		D1BA4D6C9AEBDBE928C6731A0B381C5E /* Foundation.framework */ = {isa = PBXFileReference; lastKnownFileType = wrapper.framework; name = Foundation.framework; path = Platforms/iPhoneOS.platform/Developer/SDKs/iPhoneOS8.3.sdk/System/Library/Frameworks/Foundation.framework; sourceTree = DEVELOPER_DIR; };
		D265371CF9B13B6CBFCDA76F5D40FA5E /* DDContextFilterLogFormatter.h */ = {isa = PBXFileReference; includeInIndex = 1; lastKnownFileType = sourcecode.c.h; name = DDContextFilterLogFormatter.h; path = Classes/Extensions/DDContextFilterLogFormatter.h; sourceTree = "<group>"; };
		D37EF93CD928CD8BDA2FCFE4A5CB6329 /* DDLog+LOGV.h */ = {isa = PBXFileReference; includeInIndex = 1; lastKnownFileType = sourcecode.c.h; name = "DDLog+LOGV.h"; path = "Classes/DDLog+LOGV.h"; sourceTree = "<group>"; };
		D4CD0F4DED63E0CA04BB3CCFFC3FBF01 /* FBKVOController.m */ = {isa = PBXFileReference; includeInIndex = 1; lastKnownFileType = sourcecode.c.objc; name = FBKVOController.m; path = FBKVOController/FBKVOController.m; sourceTree = "<group>"; };
		D6F2741E08E7182AD7E62EA7110933CC /* NBULog+Stub.h */ = {isa = PBXFileReference; includeInIndex = 1; lastKnownFileType = sourcecode.c.h; name = "NBULog+Stub.h"; path = "Pod/Classes/NBULog+Stub.h"; sourceTree = "<group>"; };
		D7F5BAB9B28D783D6594589611A54E1A /* NBULogStub-Private.xcconfig */ = {isa = PBXFileReference; includeInIndex = 1; lastKnownFileType = text.xcconfig; path = "NBULogStub-Private.xcconfig"; sourceTree = "<group>"; };
		D81921F1B3E748CF0339DB12570F5FF0 /* Pods-NNDraggableScrollBarController_Example-acknowledgements.plist */ = {isa = PBXFileReference; includeInIndex = 1; lastKnownFileType = text.plist.xml; path = "Pods-NNDraggableScrollBarController_Example-acknowledgements.plist"; sourceTree = "<group>"; };
		D8AB26A68EECBE9968CB28F5243BC13C /* DDASLLogger.m */ = {isa = PBXFileReference; includeInIndex = 1; lastKnownFileType = sourcecode.c.objc; name = DDASLLogger.m; path = Classes/DDASLLogger.m; sourceTree = "<group>"; };
		DA2C6DA005DB009D969D50DE19CE7073 /* CocoaLumberjack.h */ = {isa = PBXFileReference; includeInIndex = 1; lastKnownFileType = sourcecode.c.h; name = CocoaLumberjack.h; path = Classes/CocoaLumberjack.h; sourceTree = "<group>"; };
		E3A3D329910F0017D5C96EE83E084613 /* FBKVOController.h */ = {isa = PBXFileReference; includeInIndex = 1; lastKnownFileType = sourcecode.c.h; name = FBKVOController.h; path = FBKVOController/FBKVOController.h; sourceTree = "<group>"; };
		E615B0B4F02B3E27D4E4EDCF270FBD4C /* KVOController-dummy.m */ = {isa = PBXFileReference; includeInIndex = 1; lastKnownFileType = sourcecode.c.objc; path = "KVOController-dummy.m"; sourceTree = "<group>"; };
		E6CB756A57F04A77338C93F6976F8B24 /* NBULog-Private.xcconfig */ = {isa = PBXFileReference; includeInIndex = 1; lastKnownFileType = text.xcconfig; path = "NBULog-Private.xcconfig"; sourceTree = "<group>"; };
		E803A387BA51A45BE1D44A03EED35023 /* libKVOController.a */ = {isa = PBXFileReference; explicitFileType = archive.ar; includeInIndex = 0; path = libKVOController.a; sourceTree = BUILT_PRODUCTS_DIR; };
		EA0D7DE2583310043375FA36BB7625F2 /* DDASLLogCapture.h */ = {isa = PBXFileReference; includeInIndex = 1; lastKnownFileType = sourcecode.c.h; name = DDASLLogCapture.h; path = Classes/DDASLLogCapture.h; sourceTree = "<group>"; };
/* End PBXFileReference section */

/* Begin PBXFrameworksBuildPhase section */
		021D2DFB3A10AEA345EDFE5BFF5AEF0D /* Frameworks */ = {
			isa = PBXFrameworksBuildPhase;
			buildActionMask = 2147483647;
			files = (
				74CD73A7E138B701269A4BCEC1DBE879 /* Foundation.framework in Frameworks */,
			);
			runOnlyForDeploymentPostprocessing = 0;
		};
		262312C8D3F71A7EA32B2CDFE51350E0 /* Frameworks */ = {
			isa = PBXFrameworksBuildPhase;
			buildActionMask = 2147483647;
			files = (
				DFE97F6BBB48B752E4379498040BDDAC /* Foundation.framework in Frameworks */,
			);
			runOnlyForDeploymentPostprocessing = 0;
		};
		3F3EAD768CD96C48554326047BD74BC0 /* Frameworks */ = {
			isa = PBXFrameworksBuildPhase;
			buildActionMask = 2147483647;
			files = (
			);
			runOnlyForDeploymentPostprocessing = 0;
		};
		4DFF82285A2EABC4B4785455B1408E0B /* Frameworks */ = {
			isa = PBXFrameworksBuildPhase;
			buildActionMask = 2147483647;
			files = (
				1E6B174A2E129B5FA2BAE76CAEF0E9CB /* Foundation.framework in Frameworks */,
			);
			runOnlyForDeploymentPostprocessing = 0;
		};
		527031042DD24CDBD2010AE782EA3BF5 /* Frameworks */ = {
			isa = PBXFrameworksBuildPhase;
			buildActionMask = 2147483647;
			files = (
				57B3A90377466D3E8B8D544842A06A67 /* Foundation.framework in Frameworks */,
			);
			runOnlyForDeploymentPostprocessing = 0;
		};
		593D370677E7F02B1F1BACC5E15025A6 /* Frameworks */ = {
			isa = PBXFrameworksBuildPhase;
			buildActionMask = 2147483647;
			files = (
				F39CA46268FC52EFA81989B5F3BFBCF0 /* Foundation.framework in Frameworks */,
			);
			runOnlyForDeploymentPostprocessing = 0;
		};
		9A8EADBE14D9908CB0CECD3C80C8CAD0 /* Frameworks */ = {
			isa = PBXFrameworksBuildPhase;
			buildActionMask = 2147483647;
			files = (
			);
			runOnlyForDeploymentPostprocessing = 0;
		};
		B90B8E60A4E43181ABA401EF80D8F59F /* Frameworks */ = {
			isa = PBXFrameworksBuildPhase;
			buildActionMask = 2147483647;
			files = (
				2659C34940066371E7936716B99B4B16 /* Foundation.framework in Frameworks */,
			);
			runOnlyForDeploymentPostprocessing = 0;
		};
		D4033CB22BD3020ADC97EB61A1743D7D /* Frameworks */ = {
			isa = PBXFrameworksBuildPhase;
			buildActionMask = 2147483647;
			files = (
				43479F2034F075BD6D8F6A0255549849 /* Foundation.framework in Frameworks */,
			);
			runOnlyForDeploymentPostprocessing = 0;
		};
		D9B1BB617685C03945224051B6C18261 /* Frameworks */ = {
			isa = PBXFrameworksBuildPhase;
			buildActionMask = 2147483647;
			files = (
				8DAF7332D5D2AAA26A54ADDC4674610F /* Foundation.framework in Frameworks */,
			);
			runOnlyForDeploymentPostprocessing = 0;
		};
/* End PBXFrameworksBuildPhase section */

/* Begin PBXGroup section */
		202FFEF0D0D555C7DEE02560C18823EA /* Development Pods */ = {
			isa = PBXGroup;
			children = (
				2992922C15CEA09A96616918F1AA9189 /* NNDraggableScrollBarController */,
			);
			name = "Development Pods";
			sourceTree = "<group>";
		};
		283EE0A27375ABE92C081E1F0832B771 /* FrameAccessor */ = {
			isa = PBXGroup;
			children = (
				259D936A29B6EA2EC07E6CD57C00BF6F /* FrameAccessor.h */,
				A9D66D2EEAD6E0C265E5E254D8AB189D /* ScrollViewFrameAccessor.h */,
				6FC0DDFA7E444B2FC1D697F4632FBE80 /* ScrollViewFrameAccessor.m */,
				D0D888E80C814761C3E02286AD6302B6 /* ViewFrameAccessor.h */,
				D16C214DD59129AF716C2DB66537ACC3 /* ViewFrameAccessor.m */,
				C910452EC22B92B36B24B8503A937821 /* Support Files */,
			);
			path = FrameAccessor;
			sourceTree = "<group>";
		};
		2992922C15CEA09A96616918F1AA9189 /* NNDraggableScrollBarController */ = {
			isa = PBXGroup;
			children = (
				EC5C38274581484A5DFC9CBC44240635 /* Pod */,
				6BCE32525B7822433DDB75D00855952F /* Support Files */,
			);
			name = NNDraggableScrollBarController;
			path = ../..;
			sourceTree = "<group>";
		};
		2B095FAF21BCF2F4FEAEF2AB6B7F6871 /* Support Files */ = {
			isa = PBXGroup;
			children = (
				34211B22D2DCF17F979BDF05375956CB /* NBULog.xcconfig */,
				E6CB756A57F04A77338C93F6976F8B24 /* NBULog-Private.xcconfig */,
				8853BA5FEA696567FF9EE05018F40544 /* NBULog-dummy.m */,
				0FCA99BFCD3A2BDF8298609D21F466A2 /* NBULog-prefix.pch */,
			);
			name = "Support Files";
			path = "../Target Support Files/NBULog";
			sourceTree = "<group>";
		};
		2E047B470EB0E79796D3C304DC19C4F2 /* Pods-NNDraggableScrollBarController_Example */ = {
			isa = PBXGroup;
			children = (
				1D10F2A2E8CE7199132119BB18B8DEF5 /* Pods-NNDraggableScrollBarController_Example-acknowledgements.markdown */,
				D81921F1B3E748CF0339DB12570F5FF0 /* Pods-NNDraggableScrollBarController_Example-acknowledgements.plist */,
				2CD50CE08307B18F6BF013AB0F7F1452 /* Pods-NNDraggableScrollBarController_Example-dummy.m */,
				CCB51D739F17199C3056AEFE196B6D3C /* Pods-NNDraggableScrollBarController_Example-resources.sh */,
				C94B02F92F8C84EDCDDA6AACF068363B /* Pods-NNDraggableScrollBarController_Example.debug.xcconfig */,
				53C093865807B6B6EA76DEC5A9B830B1 /* Pods-NNDraggableScrollBarController_Example.release.xcconfig */,
			);
			name = "Pods-NNDraggableScrollBarController_Example";
			path = "Target Support Files/Pods-NNDraggableScrollBarController_Example";
			sourceTree = "<group>";
		};
		386B9D346190CA5C7E8F6E7000FD7E8D /* KVOController */ = {
			isa = PBXGroup;
			children = (
				E3A3D329910F0017D5C96EE83E084613 /* FBKVOController.h */,
				D4CD0F4DED63E0CA04BB3CCFFC3FBF01 /* FBKVOController.m */,
				39978E6CD41347FFD92E91266B56A71E /* Support Files */,
			);
			path = KVOController;
			sourceTree = "<group>";
		};
		39978E6CD41347FFD92E91266B56A71E /* Support Files */ = {
			isa = PBXGroup;
			children = (
				3408E4A3447F00221852352C22B93474 /* KVOController.xcconfig */,
				07443A5FE311586D8899C7AA4C6DA1A1 /* KVOController-Private.xcconfig */,
				E615B0B4F02B3E27D4E4EDCF270FBD4C /* KVOController-dummy.m */,
				7CEB0F0C871CB09278D86FAA2A93FC70 /* KVOController-prefix.pch */,
			);
			name = "Support Files";
			path = "../Target Support Files/KVOController";
			sourceTree = "<group>";
		};
		3B9A260B1F0F98E5A943DE0805141E52 /* NBULogStub */ = {
			isa = PBXGroup;
			children = (
				D6F2741E08E7182AD7E62EA7110933CC /* NBULog+Stub.h */,
				0074DF1E326F6B77B0C6AFEA558867F4 /* NBULog+Stub.m */,
				3FFB1E209D770527187313714740C000 /* NBULogStub.h */,
				9B81465FE6E357304ECF5CE42F8AB8A2 /* Support Files */,
			);
			path = NBULogStub;
			sourceTree = "<group>";
		};
		425A2200CE259A8BF4E42B25642B9ABB /* Classes */ = {
			isa = PBXGroup;
			children = (
				23169353B3661214406CC1F8F3B7E068 /* NNDraggableScrollBarController.h */,
				2D8DC1FBA1FE7B53E285AB1413687E03 /* NNDraggableScrollBarController.m */,
			);
			path = Classes;
			sourceTree = "<group>";
		};
		4E02E7C65B764DA2037452733204D686 /* CocoaLumberjack */ = {
			isa = PBXGroup;
			children = (
				DEDC58E70472711B718EB843BF4BD6DB /* Core */,
				9E4D5979786528B45EDD922EBF95729E /* Default */,
				61DD87605466E4C27C372B339EB861AE /* Extensions */,
				997C75A696F5E181E2C562E33F93A1FA /* Support Files */,
			);
			path = CocoaLumberjack;
			sourceTree = "<group>";
		};
		53F661C0CA7190D2CF05023FB33D61E4 /* iOS */ = {
			isa = PBXGroup;
			children = (
				D1BA4D6C9AEBDBE928C6731A0B381C5E /* Foundation.framework */,
			);
			name = iOS;
			sourceTree = "<group>";
		};
		61DD87605466E4C27C372B339EB861AE /* Extensions */ = {
			isa = PBXGroup;
			children = (
				D265371CF9B13B6CBFCDA76F5D40FA5E /* DDContextFilterLogFormatter.h */,
				7F9F9A97D89BADCD7651849153FCE4B5 /* DDContextFilterLogFormatter.m */,
				85788A843951104B4258364C69AF87D2 /* DDDispatchQueueLogFormatter.h */,
				341290ED929B8F6DB43711CE9C3D9E8F /* DDDispatchQueueLogFormatter.m */,
				C8F90434D6923078F3C5DE2733FC8195 /* DDMultiFormatter.h */,
				260DCB45501EAEB5CA5A9D1CE120BA8C /* DDMultiFormatter.m */,
			);
			name = Extensions;
			sourceTree = "<group>";
		};
		6BCE32525B7822433DDB75D00855952F /* Support Files */ = {
			isa = PBXGroup;
			children = (
				AC118BBDFF1E113FFF076C5DFA9A3C2E /* NNDraggableScrollBarController.xcconfig */,
				BDC550016BF8CC09BA237382FC4B6A95 /* NNDraggableScrollBarController-Private.xcconfig */,
				B709BA945A071159488841C43FE78017 /* NNDraggableScrollBarController-dummy.m */,
				1F8CE67B529333AD6C43476D9B017596 /* NNDraggableScrollBarController-prefix.pch */,
			);
			name = "Support Files";
			path = "Example/Pods/Target Support Files/NNDraggableScrollBarController";
			sourceTree = "<group>";
		};
		715C9BE59C7AFE5C6D499F972B8C6133 /* Targets Support Files */ = {
			isa = PBXGroup;
			children = (
				2E047B470EB0E79796D3C304DC19C4F2 /* Pods-NNDraggableScrollBarController_Example */,
				F92F54F36168787DCC4587D45969639B /* Pods-NNDraggableScrollBarController_Tests */,
			);
			name = "Targets Support Files";
			sourceTree = "<group>";
		};
		7DB346D0F39D3F0E887471402A8071AB = {
			isa = PBXGroup;
			children = (
				BA6428E9F66FD5A23C0A2E06ED26CD2F /* Podfile */,
				202FFEF0D0D555C7DEE02560C18823EA /* Development Pods */,
				BC3CA7F9E30CC8F7E2DD044DD34432FC /* Frameworks */,
				AD82403966C129272C6203E76B0E457C /* Pods */,
				CCA510CFBEA2D207524CDA0D73C3B561 /* Products */,
				715C9BE59C7AFE5C6D499F972B8C6133 /* Targets Support Files */,
			);
			sourceTree = "<group>";
		};
		997C75A696F5E181E2C562E33F93A1FA /* Support Files */ = {
			isa = PBXGroup;
			children = (
				2337BB5E716D6250C7DDC0EFE02A8F67 /* CocoaLumberjack.xcconfig */,
				2ED89491AE88DC36765A990BAE94AD3A /* CocoaLumberjack-Private.xcconfig */,
				9829991CF47F83A0C24DE5AFB9AF2496 /* CocoaLumberjack-dummy.m */,
				B2CC11F7ABCA97314BDCC6826E5A3C8A /* CocoaLumberjack-prefix.pch */,
			);
			name = "Support Files";
			path = "../Target Support Files/CocoaLumberjack";
			sourceTree = "<group>";
		};
		9B81465FE6E357304ECF5CE42F8AB8A2 /* Support Files */ = {
			isa = PBXGroup;
			children = (
				37668871022BF4B6B76C57A57ADEF357 /* NBULogStub.xcconfig */,
				D7F5BAB9B28D783D6594589611A54E1A /* NBULogStub-Private.xcconfig */,
				5D1BF5E7871DDF824F62AF86A6F64849 /* NBULogStub-dummy.m */,
				A451426A41631358B53EDD3A2CC5B54F /* NBULogStub-prefix.pch */,
			);
			name = "Support Files";
			path = "../Target Support Files/NBULogStub";
			sourceTree = "<group>";
		};
		9E4D5979786528B45EDD922EBF95729E /* Default */ = {
			isa = PBXGroup;
			children = (
				DA2C6DA005DB009D969D50DE19CE7073 /* CocoaLumberjack.h */,
			);
			name = Default;
			sourceTree = "<group>";
		};
		AD82403966C129272C6203E76B0E457C /* Pods */ = {
			isa = PBXGroup;
			children = (
				4E02E7C65B764DA2037452733204D686 /* CocoaLumberjack */,
				283EE0A27375ABE92C081E1F0832B771 /* FrameAccessor */,
				386B9D346190CA5C7E8F6E7000FD7E8D /* KVOController */,
				DAB5FD895F891C4C23BEA4E26C25C8D2 /* NBULog */,
				3B9A260B1F0F98E5A943DE0805141E52 /* NBULogStub */,
			);
			name = Pods;
			sourceTree = "<group>";
		};
		BC3CA7F9E30CC8F7E2DD044DD34432FC /* Frameworks */ = {
			isa = PBXGroup;
			children = (
				53F661C0CA7190D2CF05023FB33D61E4 /* iOS */,
			);
			name = Frameworks;
			sourceTree = "<group>";
		};
		C910452EC22B92B36B24B8503A937821 /* Support Files */ = {
			isa = PBXGroup;
			children = (
				BD473819CF3D21867405D8A9CF3C740C /* FrameAccessor.xcconfig */,
				67CC74CE478C7CE5E96502741ED5DE7B /* FrameAccessor-Private.xcconfig */,
				BE957B67C3FBF70734E411D365036FA8 /* FrameAccessor-dummy.m */,
				CE840DD7428783353E3B84F55AB3985F /* FrameAccessor-prefix.pch */,
			);
			name = "Support Files";
			path = "../Target Support Files/FrameAccessor";
			sourceTree = "<group>";
		};
		CCA510CFBEA2D207524CDA0D73C3B561 /* Products */ = {
			isa = PBXGroup;
			children = (
				69DA1B534B91E08E39FBC7EEBB563811 /* NBULogStub.bundle */,
				6331FB14B809FB287AC53A421528F3EA /* NNDraggableScrollBarController.bundle */,
				2C740BD1FDCCDF3F3A9B71DFD1C3062A /* libCocoaLumberjack.a */,
				7A477DFD2BA316A0EF24A2A989BF88C3 /* libFrameAccessor.a */,
				E803A387BA51A45BE1D44A03EED35023 /* libKVOController.a */,
				26A3E18174DFB8F5E68936E6AA0C67B4 /* libNBULog.a */,
				BF6EC185D985D243736E49ADF48F9438 /* libNBULogStub.a */,
				9F2DD510B68AAFE14EFBB1310D6320F9 /* libNNDraggableScrollBarController.a */,
				BCFCD9B50EC09006124FE8DE84889511 /* libPods-NNDraggableScrollBarController_Example.a */,
				09A8A99E30802F7467C8FC02237925FE /* libPods-NNDraggableScrollBarController_Tests.a */,
			);
			name = Products;
			sourceTree = "<group>";
		};
		DAB5FD895F891C4C23BEA4E26C25C8D2 /* NBULog */ = {
			isa = PBXGroup;
			children = (
				6298825F3FF9E55AF2AFD86BFAADF17C /* NBULog.h */,
				184384976D7285F7E5BE00799AE6F181 /* NBULog.m */,
				2E1DB5452D66335FE236AF10AEF9F404 /* NBULogContextDescription.h */,
				BD018AA4080BE99AD42DCAF3201B33ED /* NBULogContextDescription.m */,
				BE0093E1E306ED5DE3B05DFC0DE12F78 /* NBULogFormatter.h */,
				4D28F914457DE57A0A9796AAA20B3EB0 /* NBULogFormatter.m */,
				2B095FAF21BCF2F4FEAEF2AB6B7F6871 /* Support Files */,
			);
			path = NBULog;
			sourceTree = "<group>";
		};
		DEDC58E70472711B718EB843BF4BD6DB /* Core */ = {
			isa = PBXGroup;
			children = (
				EA0D7DE2583310043375FA36BB7625F2 /* DDASLLogCapture.h */,
				6416D8A7C96C14B1D39D9D7FF5A0B46D /* DDASLLogCapture.m */,
				C9B52CC17A3C58455B9FA544F776D74E /* DDASLLogger.h */,
				D8AB26A68EECBE9968CB28F5243BC13C /* DDASLLogger.m */,
				B2C72D8677D3A9F4324F2C3E77CB84D7 /* DDAbstractDatabaseLogger.h */,
				76C6672C3248B6B4C9E6A59902ADF452 /* DDAbstractDatabaseLogger.m */,
				B4460B96589FD1CC7C228E7042DF8D91 /* DDAssertMacros.h */,
				423472F356BC4C060C6880EA7269663C /* DDFileLogger.h */,
				2976D99A9F66B76F5A1DC6B30DF8615A /* DDFileLogger.m */,
				5EE2E17BCC86C70185BBAC7A42C0755D /* DDLegacyMacros.h */,
				18603E730722C917C41E2E8C17876803 /* DDLog.h */,
				7EAAA2C9F5D1119AEC2EBF5BEE8B6706 /* DDLog.m */,
				D37EF93CD928CD8BDA2FCFE4A5CB6329 /* DDLog+LOGV.h */,
				D08DF0EC4B4D0D10A97D434E5977E747 /* DDLogMacros.h */,
				42C8CE02F77F1C5BA7797A1DF3B693E3 /* DDTTYLogger.h */,
				2C6AF6543940DFBF88C3DA8E176CF64E /* DDTTYLogger.m */,
			);
			name = Core;
			sourceTree = "<group>";
		};
		EC5C38274581484A5DFC9CBC44240635 /* Pod */ = {
			isa = PBXGroup;
			children = (
				425A2200CE259A8BF4E42B25642B9ABB /* Classes */,
			);
			path = Pod;
			sourceTree = "<group>";
		};
		F92F54F36168787DCC4587D45969639B /* Pods-NNDraggableScrollBarController_Tests */ = {
			isa = PBXGroup;
			children = (
				25C79358B2F88735CBA317156176F24B /* Pods-NNDraggableScrollBarController_Tests-acknowledgements.markdown */,
				91277A63F793FA5EDB539CC532CB0E90 /* Pods-NNDraggableScrollBarController_Tests-acknowledgements.plist */,
				03FE085C4753CA7C52507A60F2C8DF08 /* Pods-NNDraggableScrollBarController_Tests-dummy.m */,
				6781854AA3F51DA2C4DD78E00F713838 /* Pods-NNDraggableScrollBarController_Tests-resources.sh */,
				84DFC4C34CF1FE185980B7B01A2364A6 /* Pods-NNDraggableScrollBarController_Tests.debug.xcconfig */,
				3E949766A6D4108B6B6F6ABD4D3E4649 /* Pods-NNDraggableScrollBarController_Tests.release.xcconfig */,
			);
			name = "Pods-NNDraggableScrollBarController_Tests";
			path = "Target Support Files/Pods-NNDraggableScrollBarController_Tests";
			sourceTree = "<group>";
		};
/* End PBXGroup section */

/* Begin PBXHeadersBuildPhase section */
		4054237BDEF71C675018AD016413D02C /* Headers */ = {
			isa = PBXHeadersBuildPhase;
			buildActionMask = 2147483647;
			files = (
				1033B4C9741F5B610C8902386BCB7BB6 /* NBULog.h in Headers */,
				01940F58488C431CB8FF7F6A8D839C88 /* NBULogContextDescription.h in Headers */,
				63A4AA3209A37128348E7EF7B79C90CF /* NBULogFormatter.h in Headers */,
			);
			runOnlyForDeploymentPostprocessing = 0;
		};
		5DD83B5013414D0899BDAA34670AD87E /* Headers */ = {
			isa = PBXHeadersBuildPhase;
			buildActionMask = 2147483647;
			files = (
				2B7730ACFA228E600D0462B7BD49CA7F /* FBKVOController.h in Headers */,
			);
			runOnlyForDeploymentPostprocessing = 0;
		};
		99D98A1A2A631E1DB6084D27AE16930D /* Headers */ = {
			isa = PBXHeadersBuildPhase;
			buildActionMask = 2147483647;
			files = (
				CBF540C0E90B1C3AA37CE121865464FF /* FrameAccessor.h in Headers */,
				37B96D223DC0DA9349B6A758AD2889E0 /* ScrollViewFrameAccessor.h in Headers */,
				D5D3D751DDE223883BFBC2E81DFB9F10 /* ViewFrameAccessor.h in Headers */,
			);
			runOnlyForDeploymentPostprocessing = 0;
		};
		A76E71E46112BB4F8DCCED03FE3F9ABB /* Headers */ = {
			isa = PBXHeadersBuildPhase;
			buildActionMask = 2147483647;
			files = (
				A2B233D41475E37563B2937BC3E833E4 /* NBULog+Stub.h in Headers */,
				F7F742231E91BAED370202BE8E31F3EB /* NBULogStub.h in Headers */,
			);
			runOnlyForDeploymentPostprocessing = 0;
		};
		DB4CF7339ABD7ADD8EF8492BD3ABCFC0 /* Headers */ = {
			isa = PBXHeadersBuildPhase;
			buildActionMask = 2147483647;
			files = (
				0187BDEA1AC82268D33DA5E8CC24D47F /* CocoaLumberjack.h in Headers */,
				7F5314626CEBF742097E58D6340EEFD4 /* DDASLLogCapture.h in Headers */,
				AAF3873239DA20D25FDB172735EEFA5E /* DDASLLogger.h in Headers */,
				3EEA43952C12B47236FAF4B513185387 /* DDAbstractDatabaseLogger.h in Headers */,
				8147ADAFB50D1FCBBAE59A6BD4619E8F /* DDAssertMacros.h in Headers */,
				45FFC29438429FCE63F3C39EB8A0FACF /* DDContextFilterLogFormatter.h in Headers */,
				A90BC1D3EC3FD41AA3D178C37D880395 /* DDDispatchQueueLogFormatter.h in Headers */,
				C4D84A0AFF393616E9AEC886B00F5D1D /* DDFileLogger.h in Headers */,
				14A742E38ACAE071D3405086D1529E7D /* DDLegacyMacros.h in Headers */,
				7F7C4842A93524620057B497F08F5746 /* DDLog+LOGV.h in Headers */,
				CCD3EB3C2AF4C0BBFA3B2FC30AFDA124 /* DDLog.h in Headers */,
				54FD9D858CF9C21EA457B255F905F9AC /* DDLogMacros.h in Headers */,
				5F4E6FEEF6F827CEAB01F93892CE1E5A /* DDMultiFormatter.h in Headers */,
				83D4C7E0AD68770BC775435CD2FC115E /* DDTTYLogger.h in Headers */,
			);
			runOnlyForDeploymentPostprocessing = 0;
		};
		EBAE6A3A177798C19452F4773DB95496 /* Headers */ = {
			isa = PBXHeadersBuildPhase;
			buildActionMask = 2147483647;
			files = (
				8D2EA6F3E47DE5D804541CFC2E117758 /* NNDraggableScrollBarController.h in Headers */,
			);
			runOnlyForDeploymentPostprocessing = 0;
		};
/* End PBXHeadersBuildPhase section */

/* Begin PBXNativeTarget section */
		0A642BDF571FB12E6409B3C6E49EC5D4 /* NBULogStub */ = {
			isa = PBXNativeTarget;
			buildConfigurationList = 7302731DB2FDBDAE12B2B00827324947 /* Build configuration list for PBXNativeTarget "NBULogStub" */;
			buildPhases = (
				6CC60F2232139F2C26683C313EF33F61 /* Sources */,
				D9B1BB617685C03945224051B6C18261 /* Frameworks */,
				A76E71E46112BB4F8DCCED03FE3F9ABB /* Headers */,
			);
			buildRules = (
			);
			dependencies = (
				0FE2E46820CA1FC8B59D447850C43877 /* PBXTargetDependency */,
			);
			name = NBULogStub;
			productName = NBULogStub;
			productReference = BF6EC185D985D243736E49ADF48F9438 /* libNBULogStub.a */;
			productType = "com.apple.product-type.library.static";
		};
		257A259BD81A72CF12CAEC49D486F26A /* NBULogStub-NBULogStub */ = {
			isa = PBXNativeTarget;
			buildConfigurationList = 62FDCB41C07B36DD180CFDB69D5B70AD /* Build configuration list for PBXNativeTarget "NBULogStub-NBULogStub" */;
			buildPhases = (
				B1BE0F993587AEC050D5E29E060EADFE /* Sources */,
				9A8EADBE14D9908CB0CECD3C80C8CAD0 /* Frameworks */,
				CF8DA00A21091B9CCF13D147704679FD /* Resources */,
			);
			buildRules = (
			);
			dependencies = (
			);
			name = "NBULogStub-NBULogStub";
			productName = "NBULogStub-NBULogStub";
			productReference = 69DA1B534B91E08E39FBC7EEBB563811 /* NBULogStub.bundle */;
			productType = "com.apple.product-type.bundle";
		};
		326FBC459790E9C576FC526FB97BAA17 /* KVOController */ = {
			isa = PBXNativeTarget;
			buildConfigurationList = 8BCC1341402A5FDB3EFA5139E10BB67B /* Build configuration list for PBXNativeTarget "KVOController" */;
			buildPhases = (
				94039AFE74FB1DFE8EDF592082187107 /* Sources */,
				4DFF82285A2EABC4B4785455B1408E0B /* Frameworks */,
				5DD83B5013414D0899BDAA34670AD87E /* Headers */,
			);
			buildRules = (
			);
			dependencies = (
			);
			name = KVOController;
			productName = KVOController;
			productReference = E803A387BA51A45BE1D44A03EED35023 /* libKVOController.a */;
			productType = "com.apple.product-type.library.static";
		};
		3B9E5E14478AE3CCE9C0A1444F607D62 /* FrameAccessor */ = {
			isa = PBXNativeTarget;
			buildConfigurationList = 55653D1F447F5C37573AA52C17E2D304 /* Build configuration list for PBXNativeTarget "FrameAccessor" */;
			buildPhases = (
				F761BDAEC01A0F2374D37A3E2B66527E /* Sources */,
				262312C8D3F71A7EA32B2CDFE51350E0 /* Frameworks */,
				99D98A1A2A631E1DB6084D27AE16930D /* Headers */,
			);
			buildRules = (
			);
			dependencies = (
			);
			name = FrameAccessor;
			productName = FrameAccessor;
			productReference = 7A477DFD2BA316A0EF24A2A989BF88C3 /* libFrameAccessor.a */;
			productType = "com.apple.product-type.library.static";
		};
		4A2181D16928C1519584154D52268EBA /* NNDraggableScrollBarController-NNDraggableScrollBarController */ = {
			isa = PBXNativeTarget;
			buildConfigurationList = 79431AA9A70AD07C4AFCCAC8BCB40937 /* Build configuration list for PBXNativeTarget "NNDraggableScrollBarController-NNDraggableScrollBarController" */;
			buildPhases = (
				1CF692F4554675D9F15E68E351A6CD72 /* Sources */,
				3F3EAD768CD96C48554326047BD74BC0 /* Frameworks */,
				A37621CE3306B84A24A7CB2B98522910 /* Resources */,
			);
			buildRules = (
			);
			dependencies = (
			);
			name = "NNDraggableScrollBarController-NNDraggableScrollBarController";
			productName = "NNDraggableScrollBarController-NNDraggableScrollBarController";
			productReference = 6331FB14B809FB287AC53A421528F3EA /* NNDraggableScrollBarController.bundle */;
			productType = "com.apple.product-type.bundle";
		};
		4B238B6DA667BD1F096E5076F5B30618 /* CocoaLumberjack */ = {
			isa = PBXNativeTarget;
			buildConfigurationList = 83C07AD558AC3A655D3C85D9887373F1 /* Build configuration list for PBXNativeTarget "CocoaLumberjack" */;
			buildPhases = (
				C0B84E8EA91BAD19DE38EB60C8CBE503 /* Sources */,
				021D2DFB3A10AEA345EDFE5BFF5AEF0D /* Frameworks */,
				DB4CF7339ABD7ADD8EF8492BD3ABCFC0 /* Headers */,
			);
			buildRules = (
			);
			dependencies = (
			);
			name = CocoaLumberjack;
			productName = CocoaLumberjack;
			productReference = 2C740BD1FDCCDF3F3A9B71DFD1C3062A /* libCocoaLumberjack.a */;
			productType = "com.apple.product-type.library.static";
		};
		AD1C440AEADC944423C05C26837865BA /* Pods-NNDraggableScrollBarController_Tests */ = {
			isa = PBXNativeTarget;
			buildConfigurationList = B7349990F1771D586A5DC0A7A13212F2 /* Build configuration list for PBXNativeTarget "Pods-NNDraggableScrollBarController_Tests" */;
			buildPhases = (
				B67A08F11CC369696EAB13F12C88E54B /* Sources */,
				527031042DD24CDBD2010AE782EA3BF5 /* Frameworks */,
			);
			buildRules = (
			);
			dependencies = (
				7ED081D78A44C6EBBA4D7B5AD1786815 /* PBXTargetDependency */,
				A867019BC7C613DA4816F60D967F4136 /* PBXTargetDependency */,
				887CA04E0BD7A0AE62F8403E7D4A93C4 /* PBXTargetDependency */,
				EBF44551DA45E9CE813120F2D1A4EB31 /* PBXTargetDependency */,
			);
			name = "Pods-NNDraggableScrollBarController_Tests";
			productName = "Pods-NNDraggableScrollBarController_Tests";
			productReference = 09A8A99E30802F7467C8FC02237925FE /* libPods-NNDraggableScrollBarController_Tests.a */;
			productType = "com.apple.product-type.library.static";
		};
		DE1C31EF337357C9F45D0F5608184AF4 /* NBULog */ = {
			isa = PBXNativeTarget;
			buildConfigurationList = 8E99EE21A52C835B9418423F5407327C /* Build configuration list for PBXNativeTarget "NBULog" */;
			buildPhases = (
				B4086A4208630F895F9A27E6D93E54D9 /* Sources */,
				D4033CB22BD3020ADC97EB61A1743D7D /* Frameworks */,
				4054237BDEF71C675018AD016413D02C /* Headers */,
			);
			buildRules = (
			);
			dependencies = (
				D1E9EDCC84E04132070F02E4CE8E8BC8 /* PBXTargetDependency */,
			);
			name = NBULog;
			productName = NBULog;
			productReference = 26A3E18174DFB8F5E68936E6AA0C67B4 /* libNBULog.a */;
			productType = "com.apple.product-type.library.static";
		};
		E4E7E74D151AD416FBA462551B766FA2 /* NNDraggableScrollBarController */ = {
			isa = PBXNativeTarget;
			buildConfigurationList = 006158E69E46DEB7EC0B4AA81B890DA0 /* Build configuration list for PBXNativeTarget "NNDraggableScrollBarController" */;
			buildPhases = (
				AA60985A936E69EE82062A3D78B783FE /* Sources */,
				B90B8E60A4E43181ABA401EF80D8F59F /* Frameworks */,
				EBAE6A3A177798C19452F4773DB95496 /* Headers */,
			);
			buildRules = (
			);
			dependencies = (
				67C1FA96C66392C85C6B1E03EE41A899 /* PBXTargetDependency */,
				33D3142A2CC18528BDE025756ADD719D /* PBXTargetDependency */,
				5FC8D26123B1F11494FBA2F1C27215AC /* PBXTargetDependency */,
				C67A7BC135C39153C926B7B7C0669392 /* PBXTargetDependency */,
			);
			name = NNDraggableScrollBarController;
			productName = NNDraggableScrollBarController;
			productReference = 9F2DD510B68AAFE14EFBB1310D6320F9 /* libNNDraggableScrollBarController.a */;
			productType = "com.apple.product-type.library.static";
		};
		F8228FA7F273D97AC28FBA5C9B6F57FE /* Pods-NNDraggableScrollBarController_Example */ = {
			isa = PBXNativeTarget;
			buildConfigurationList = 5628910896C3DDF27DE891B930271FD1 /* Build configuration list for PBXNativeTarget "Pods-NNDraggableScrollBarController_Example" */;
			buildPhases = (
				8AA2FDF2C4516FEA73C40F09071E3835 /* Sources */,
				593D370677E7F02B1F1BACC5E15025A6 /* Frameworks */,
			);
			buildRules = (
			);
			dependencies = (
				88CD766229200EBF01BEB2049A2D6055 /* PBXTargetDependency */,
				895E3A3C5F1AF53552B16652EB535AA1 /* PBXTargetDependency */,
				6C66ECF72C9F773ED03C9D1108201010 /* PBXTargetDependency */,
				6C0EDE3FB25DBE4A6B9C471C06FF6CF4 /* PBXTargetDependency */,
				F186F397A19D173EF3EF8D4093D07384 /* PBXTargetDependency */,
				93AAA9BA4F9FD644CE6A6225BF1F9E61 /* PBXTargetDependency */,
			);
			name = "Pods-NNDraggableScrollBarController_Example";
			productName = "Pods-NNDraggableScrollBarController_Example";
			productReference = BCFCD9B50EC09006124FE8DE84889511 /* libPods-NNDraggableScrollBarController_Example.a */;
			productType = "com.apple.product-type.library.static";
		};
/* End PBXNativeTarget section */

/* Begin PBXProject section */
		D41D8CD98F00B204E9800998ECF8427E /* Project object */ = {
			isa = PBXProject;
			attributes = {
				LastSwiftUpdateCheck = 0700;
				LastUpgradeCheck = 0700;
			};
			buildConfigurationList = 2D8E8EC45A3A1A1D94AE762CB5028504 /* Build configuration list for PBXProject "Pods" */;
			compatibilityVersion = "Xcode 3.2";
			developmentRegion = English;
			hasScannedForEncodings = 0;
			knownRegions = (
				en,
			);
			mainGroup = 7DB346D0F39D3F0E887471402A8071AB;
			productRefGroup = CCA510CFBEA2D207524CDA0D73C3B561 /* Products */;
			projectDirPath = "";
			projectRoot = "";
			targets = (
				4B238B6DA667BD1F096E5076F5B30618 /* CocoaLumberjack */,
				3B9E5E14478AE3CCE9C0A1444F607D62 /* FrameAccessor */,
				326FBC459790E9C576FC526FB97BAA17 /* KVOController */,
				DE1C31EF337357C9F45D0F5608184AF4 /* NBULog */,
				0A642BDF571FB12E6409B3C6E49EC5D4 /* NBULogStub */,
				257A259BD81A72CF12CAEC49D486F26A /* NBULogStub-NBULogStub */,
				E4E7E74D151AD416FBA462551B766FA2 /* NNDraggableScrollBarController */,
				4A2181D16928C1519584154D52268EBA /* NNDraggableScrollBarController-NNDraggableScrollBarController */,
				F8228FA7F273D97AC28FBA5C9B6F57FE /* Pods-NNDraggableScrollBarController_Example */,
				AD1C440AEADC944423C05C26837865BA /* Pods-NNDraggableScrollBarController_Tests */,
			);
		};
/* End PBXProject section */

/* Begin PBXResourcesBuildPhase section */
		A37621CE3306B84A24A7CB2B98522910 /* Resources */ = {
			isa = PBXResourcesBuildPhase;
			buildActionMask = 2147483647;
			files = (
			);
			runOnlyForDeploymentPostprocessing = 0;
		};
		CF8DA00A21091B9CCF13D147704679FD /* Resources */ = {
			isa = PBXResourcesBuildPhase;
			buildActionMask = 2147483647;
			files = (
			);
			runOnlyForDeploymentPostprocessing = 0;
		};
/* End PBXResourcesBuildPhase section */

/* Begin PBXSourcesBuildPhase section */
		1CF692F4554675D9F15E68E351A6CD72 /* Sources */ = {
			isa = PBXSourcesBuildPhase;
			buildActionMask = 2147483647;
			files = (
			);
			runOnlyForDeploymentPostprocessing = 0;
		};
		6CC60F2232139F2C26683C313EF33F61 /* Sources */ = {
			isa = PBXSourcesBuildPhase;
			buildActionMask = 2147483647;
			files = (
				8D99AB7EED6392E661AE36BF7EB8AAB4 /* NBULog+Stub.m in Sources */,
				AAD58B60E0DE59217710302AE6943D41 /* NBULogStub-dummy.m in Sources */,
			);
			runOnlyForDeploymentPostprocessing = 0;
		};
		8AA2FDF2C4516FEA73C40F09071E3835 /* Sources */ = {
			isa = PBXSourcesBuildPhase;
			buildActionMask = 2147483647;
			files = (
				263AF1F8CE416FCDB7DAA2DA4300745D /* Pods-NNDraggableScrollBarController_Example-dummy.m in Sources */,
			);
			runOnlyForDeploymentPostprocessing = 0;
		};
		94039AFE74FB1DFE8EDF592082187107 /* Sources */ = {
			isa = PBXSourcesBuildPhase;
			buildActionMask = 2147483647;
			files = (
				7DBA81A24CA72B15A97A477E1B83659A /* FBKVOController.m in Sources */,
				73FC034935EA89098247DAEE9E1FCA6C /* KVOController-dummy.m in Sources */,
			);
			runOnlyForDeploymentPostprocessing = 0;
		};
		AA60985A936E69EE82062A3D78B783FE /* Sources */ = {
			isa = PBXSourcesBuildPhase;
			buildActionMask = 2147483647;
			files = (
				5A69572F04C06C02FD131E432D56C249 /* NNDraggableScrollBarController-dummy.m in Sources */,
				BA4C7C31BCD2C1028E1A6CE743BD5E44 /* NNDraggableScrollBarController.m in Sources */,
			);
			runOnlyForDeploymentPostprocessing = 0;
		};
		B1BE0F993587AEC050D5E29E060EADFE /* Sources */ = {
			isa = PBXSourcesBuildPhase;
			buildActionMask = 2147483647;
			files = (
			);
			runOnlyForDeploymentPostprocessing = 0;
		};
		B4086A4208630F895F9A27E6D93E54D9 /* Sources */ = {
			isa = PBXSourcesBuildPhase;
			buildActionMask = 2147483647;
			files = (
				B903D6D2E5E593C19BBFD98F147ADDFA /* NBULog-dummy.m in Sources */,
				2BDE7EF909FEA55305C50331F23616A6 /* NBULog.m in Sources */,
				F43F857C45B68EC7E93C01E2839425FA /* NBULogContextDescription.m in Sources */,
				2156B0F57E8771684FB3A6088E0AC359 /* NBULogFormatter.m in Sources */,
			);
			runOnlyForDeploymentPostprocessing = 0;
		};
		B67A08F11CC369696EAB13F12C88E54B /* Sources */ = {
			isa = PBXSourcesBuildPhase;
			buildActionMask = 2147483647;
			files = (
				1DFF8692B8BA06191453AADA5BDFD501 /* Pods-NNDraggableScrollBarController_Tests-dummy.m in Sources */,
			);
			runOnlyForDeploymentPostprocessing = 0;
		};
		C0B84E8EA91BAD19DE38EB60C8CBE503 /* Sources */ = {
			isa = PBXSourcesBuildPhase;
			buildActionMask = 2147483647;
			files = (
				4BC373FC8F25942446FA76B18696DCBF /* CocoaLumberjack-dummy.m in Sources */,
				1F16937451D424B1AB32D1DAAD12035F /* DDASLLogCapture.m in Sources */,
				AC2A7F051556B98EB67D19E06CFCF832 /* DDASLLogger.m in Sources */,
				74A81D0A47114FF9A379AF95BB5B82C5 /* DDAbstractDatabaseLogger.m in Sources */,
				5595AAB69430D12A4DC0DFA9EB9AA6DC /* DDContextFilterLogFormatter.m in Sources */,
				97A3AE6C2DFD94CF55E92C0B387C3FD2 /* DDDispatchQueueLogFormatter.m in Sources */,
				6E48FBA26AB15DEF6199B632B4B13ABD /* DDFileLogger.m in Sources */,
				CF18F456246D5428AC83E64398044AF2 /* DDLog.m in Sources */,
				AD21750A46A03C2339B048119C958F2A /* DDMultiFormatter.m in Sources */,
				2D2E54D66D783B890D0CC1AC35F843D5 /* DDTTYLogger.m in Sources */,
			);
			runOnlyForDeploymentPostprocessing = 0;
		};
		F761BDAEC01A0F2374D37A3E2B66527E /* Sources */ = {
			isa = PBXSourcesBuildPhase;
			buildActionMask = 2147483647;
			files = (
				C85F1140464FE04DF93E485402881BD2 /* FrameAccessor-dummy.m in Sources */,
				966B97466653624535CCD6D7FFD7298D /* ScrollViewFrameAccessor.m in Sources */,
				57E2EFFB3FA97A3902E6E70BA75300AE /* ViewFrameAccessor.m in Sources */,
			);
			runOnlyForDeploymentPostprocessing = 0;
		};
/* End PBXSourcesBuildPhase section */

/* Begin PBXTargetDependency section */
		0FE2E46820CA1FC8B59D447850C43877 /* PBXTargetDependency */ = {
			isa = PBXTargetDependency;
			name = "NBULogStub-NBULogStub";
			target = 257A259BD81A72CF12CAEC49D486F26A /* NBULogStub-NBULogStub */;
			targetProxy = A3156B0C1EF4C041E11AFF4129FE04F8 /* PBXContainerItemProxy */;
		};
		33D3142A2CC18528BDE025756ADD719D /* PBXTargetDependency */ = {
			isa = PBXTargetDependency;
			name = KVOController;
			target = 326FBC459790E9C576FC526FB97BAA17 /* KVOController */;
			targetProxy = 18B1795FDE6554BAF1D8AA24CF530A0A /* PBXContainerItemProxy */;
		};
		5FC8D26123B1F11494FBA2F1C27215AC /* PBXTargetDependency */ = {
			isa = PBXTargetDependency;
			name = NBULogStub;
			target = 0A642BDF571FB12E6409B3C6E49EC5D4 /* NBULogStub */;
			targetProxy = 66E62A19034FBF57B625BCAB8040AEBE /* PBXContainerItemProxy */;
		};
		67C1FA96C66392C85C6B1E03EE41A899 /* PBXTargetDependency */ = {
			isa = PBXTargetDependency;
			name = FrameAccessor;
			target = 3B9E5E14478AE3CCE9C0A1444F607D62 /* FrameAccessor */;
			targetProxy = 7AD4D81FBF1D1A48566C029CFF80FB89 /* PBXContainerItemProxy */;
		};
		6C0EDE3FB25DBE4A6B9C471C06FF6CF4 /* PBXTargetDependency */ = {
			isa = PBXTargetDependency;
			name = NBULog;
			target = DE1C31EF337357C9F45D0F5608184AF4 /* NBULog */;
			targetProxy = 10A161B827F0DFF5491B47174E6A54B4 /* PBXContainerItemProxy */;
		};
		6C66ECF72C9F773ED03C9D1108201010 /* PBXTargetDependency */ = {
			isa = PBXTargetDependency;
			name = KVOController;
			target = 326FBC459790E9C576FC526FB97BAA17 /* KVOController */;
			targetProxy = 2D9D4AA60722F32B2D3C2E36E97EC41E /* PBXContainerItemProxy */;
		};
		7ED081D78A44C6EBBA4D7B5AD1786815 /* PBXTargetDependency */ = {
			isa = PBXTargetDependency;
			name = FrameAccessor;
			target = 3B9E5E14478AE3CCE9C0A1444F607D62 /* FrameAccessor */;
			targetProxy = D1DA4E6A5C469743C75BC4C925422914 /* PBXContainerItemProxy */;
		};
		887CA04E0BD7A0AE62F8403E7D4A93C4 /* PBXTargetDependency */ = {
			isa = PBXTargetDependency;
			name = NBULogStub;
			target = 0A642BDF571FB12E6409B3C6E49EC5D4 /* NBULogStub */;
			targetProxy = 684C5DEB402A653F7D56EFBAB4B5958B /* PBXContainerItemProxy */;
		};
		88CD766229200EBF01BEB2049A2D6055 /* PBXTargetDependency */ = {
			isa = PBXTargetDependency;
			name = CocoaLumberjack;
			target = 4B238B6DA667BD1F096E5076F5B30618 /* CocoaLumberjack */;
			targetProxy = 2D728E0EE3647B3B0105D88E9C6C83A8 /* PBXContainerItemProxy */;
		};
		895E3A3C5F1AF53552B16652EB535AA1 /* PBXTargetDependency */ = {
			isa = PBXTargetDependency;
			name = FrameAccessor;
			target = 3B9E5E14478AE3CCE9C0A1444F607D62 /* FrameAccessor */;
			targetProxy = 2873385B7367BD0AEC2A8F67DC3F7C65 /* PBXContainerItemProxy */;
		};
		93AAA9BA4F9FD644CE6A6225BF1F9E61 /* PBXTargetDependency */ = {
			isa = PBXTargetDependency;
			name = NNDraggableScrollBarController;
			target = E4E7E74D151AD416FBA462551B766FA2 /* NNDraggableScrollBarController */;
			targetProxy = D22FC015C3625D565A65C8D1E9FDD407 /* PBXContainerItemProxy */;
		};
		A867019BC7C613DA4816F60D967F4136 /* PBXTargetDependency */ = {
			isa = PBXTargetDependency;
			name = KVOController;
			target = 326FBC459790E9C576FC526FB97BAA17 /* KVOController */;
			targetProxy = 6FB9799EB4758C737A41C3ED12D06169 /* PBXContainerItemProxy */;
		};
		C67A7BC135C39153C926B7B7C0669392 /* PBXTargetDependency */ = {
			isa = PBXTargetDependency;
			name = "NNDraggableScrollBarController-NNDraggableScrollBarController";
			target = 4A2181D16928C1519584154D52268EBA /* NNDraggableScrollBarController-NNDraggableScrollBarController */;
			targetProxy = AB4044316F829C6E5683D64B2ECB55FB /* PBXContainerItemProxy */;
		};
		D1E9EDCC84E04132070F02E4CE8E8BC8 /* PBXTargetDependency */ = {
			isa = PBXTargetDependency;
			name = CocoaLumberjack;
			target = 4B238B6DA667BD1F096E5076F5B30618 /* CocoaLumberjack */;
			targetProxy = 87C1B978F48A7A65CBFED3683BAAE625 /* PBXContainerItemProxy */;
		};
		EBF44551DA45E9CE813120F2D1A4EB31 /* PBXTargetDependency */ = {
			isa = PBXTargetDependency;
			name = NNDraggableScrollBarController;
			target = E4E7E74D151AD416FBA462551B766FA2 /* NNDraggableScrollBarController */;
			targetProxy = 57EFB2C2153615A68011C0A9F99801B4 /* PBXContainerItemProxy */;
		};
		F186F397A19D173EF3EF8D4093D07384 /* PBXTargetDependency */ = {
			isa = PBXTargetDependency;
			name = NBULogStub;
			target = 0A642BDF571FB12E6409B3C6E49EC5D4 /* NBULogStub */;
			targetProxy = ADBF7FA8E5B923EA7F59AF351DE739FE /* PBXContainerItemProxy */;
		};
/* End PBXTargetDependency section */

/* Begin XCBuildConfiguration section */
		03CA91998D6773EC5D02B3DB87B8353E /* Release */ = {
			isa = XCBuildConfiguration;
			buildSettings = {
				ALWAYS_SEARCH_USER_PATHS = NO;
				CLANG_CXX_LANGUAGE_STANDARD = "gnu++0x";
				CLANG_CXX_LIBRARY = "libc++";
				CLANG_ENABLE_MODULES = YES;
				CLANG_ENABLE_OBJC_ARC = YES;
				CLANG_WARN_BOOL_CONVERSION = YES;
				CLANG_WARN_CONSTANT_CONVERSION = YES;
				CLANG_WARN_DIRECT_OBJC_ISA_USAGE = YES;
				CLANG_WARN_EMPTY_BODY = YES;
				CLANG_WARN_ENUM_CONVERSION = YES;
				CLANG_WARN_INT_CONVERSION = YES;
				CLANG_WARN_OBJC_ROOT_CLASS = YES;
				CLANG_WARN_UNREACHABLE_CODE = YES;
				CLANG_WARN__DUPLICATE_METHOD_MATCH = YES;
				COPY_PHASE_STRIP = YES;
				ENABLE_NS_ASSERTIONS = NO;
				GCC_C_LANGUAGE_STANDARD = gnu99;
				GCC_PREPROCESSOR_DEFINITIONS = "RELEASE=1";
				GCC_WARN_64_TO_32_BIT_CONVERSION = YES;
				GCC_WARN_ABOUT_RETURN_TYPE = YES;
				GCC_WARN_UNDECLARED_SELECTOR = YES;
				GCC_WARN_UNINITIALIZED_AUTOS = YES;
				GCC_WARN_UNUSED_FUNCTION = YES;
				GCC_WARN_UNUSED_VARIABLE = YES;
				IPHONEOS_DEPLOYMENT_TARGET = 7.1;
				STRIP_INSTALLED_PRODUCT = NO;
				SYMROOT = "${SRCROOT}/../build";
				VALIDATE_PRODUCT = YES;
			};
			name = Release;
		};
		069E39B11CE8985D7DFFE396EAE6A525 /* Debug */ = {
			isa = XCBuildConfiguration;
			baseConfigurationReference = BDC550016BF8CC09BA237382FC4B6A95 /* NNDraggableScrollBarController-Private.xcconfig */;
			buildSettings = {
				ENABLE_STRICT_OBJC_MSGSEND = YES;
				GCC_PREFIX_HEADER = "Target Support Files/NNDraggableScrollBarController/NNDraggableScrollBarController-prefix.pch";
				IPHONEOS_DEPLOYMENT_TARGET = 7.1;
				MTL_ENABLE_DEBUG_INFO = YES;
				OTHER_LDFLAGS = "";
				OTHER_LIBTOOLFLAGS = "";
				PRODUCT_NAME = "$(TARGET_NAME)";
				SDKROOT = iphoneos;
				SKIP_INSTALL = YES;
			};
			name = Debug;
		};
		08A42158CC6CA59D12C41AF350566C13 /* Debug */ = {
			isa = XCBuildConfiguration;
			baseConfigurationReference = E6CB756A57F04A77338C93F6976F8B24 /* NBULog-Private.xcconfig */;
			buildSettings = {
				ENABLE_STRICT_OBJC_MSGSEND = YES;
				GCC_PREFIX_HEADER = "Target Support Files/NBULog/NBULog-prefix.pch";
				IPHONEOS_DEPLOYMENT_TARGET = 7.1;
				MTL_ENABLE_DEBUG_INFO = YES;
				OTHER_LDFLAGS = "";
				OTHER_LIBTOOLFLAGS = "";
				PRODUCT_NAME = "$(TARGET_NAME)";
				SDKROOT = iphoneos;
				SKIP_INSTALL = YES;
			};
			name = Debug;
		};
		0B57334D6C23DADAA4F7D802A5760EB2 /* Debug */ = {
			isa = XCBuildConfiguration;
			buildSettings = {
				ALWAYS_SEARCH_USER_PATHS = NO;
				CLANG_CXX_LANGUAGE_STANDARD = "gnu++0x";
				CLANG_CXX_LIBRARY = "libc++";
				CLANG_ENABLE_MODULES = YES;
				CLANG_ENABLE_OBJC_ARC = YES;
				CLANG_WARN_BOOL_CONVERSION = YES;
				CLANG_WARN_CONSTANT_CONVERSION = YES;
				CLANG_WARN_DIRECT_OBJC_ISA_USAGE = YES;
				CLANG_WARN_EMPTY_BODY = YES;
				CLANG_WARN_ENUM_CONVERSION = YES;
				CLANG_WARN_INT_CONVERSION = YES;
				CLANG_WARN_OBJC_ROOT_CLASS = YES;
				CLANG_WARN_UNREACHABLE_CODE = YES;
				CLANG_WARN__DUPLICATE_METHOD_MATCH = YES;
				COPY_PHASE_STRIP = NO;
				GCC_C_LANGUAGE_STANDARD = gnu99;
				GCC_DYNAMIC_NO_PIC = NO;
				GCC_OPTIMIZATION_LEVEL = 0;
				GCC_PREPROCESSOR_DEFINITIONS = (
					"DEBUG=1",
					"$(inherited)",
				);
				GCC_SYMBOLS_PRIVATE_EXTERN = NO;
				GCC_WARN_64_TO_32_BIT_CONVERSION = YES;
				GCC_WARN_ABOUT_RETURN_TYPE = YES;
				GCC_WARN_UNDECLARED_SELECTOR = YES;
				GCC_WARN_UNINITIALIZED_AUTOS = YES;
				GCC_WARN_UNUSED_FUNCTION = YES;
				GCC_WARN_UNUSED_VARIABLE = YES;
				IPHONEOS_DEPLOYMENT_TARGET = 7.1;
				ONLY_ACTIVE_ARCH = YES;
				STRIP_INSTALLED_PRODUCT = NO;
				SYMROOT = "${SRCROOT}/../build";
			};
			name = Debug;
		};
		1475AAE0976862448947F5E239B4FA5A /* Release */ = {
			isa = XCBuildConfiguration;
			baseConfigurationReference = 3E949766A6D4108B6B6F6ABD4D3E4649 /* Pods-NNDraggableScrollBarController_Tests.release.xcconfig */;
			buildSettings = {
				ENABLE_STRICT_OBJC_MSGSEND = YES;
				IPHONEOS_DEPLOYMENT_TARGET = 7.1;
				MTL_ENABLE_DEBUG_INFO = NO;
				OTHER_LDFLAGS = "";
				OTHER_LIBTOOLFLAGS = "";
				PODS_ROOT = "$(SRCROOT)";
				PRODUCT_NAME = "$(TARGET_NAME)";
				SDKROOT = iphoneos;
				SKIP_INSTALL = YES;
			};
			name = Release;
		};
		263FFE8F9AC4279A9E7E33FF57FA3D9C /* Release */ = {
			isa = XCBuildConfiguration;
			baseConfigurationReference = 07443A5FE311586D8899C7AA4C6DA1A1 /* KVOController-Private.xcconfig */;
			buildSettings = {
				ENABLE_STRICT_OBJC_MSGSEND = YES;
				GCC_PREFIX_HEADER = "Target Support Files/KVOController/KVOController-prefix.pch";
				IPHONEOS_DEPLOYMENT_TARGET = 7.1;
				MTL_ENABLE_DEBUG_INFO = NO;
				OTHER_LDFLAGS = "";
				OTHER_LIBTOOLFLAGS = "";
				PRODUCT_NAME = "$(TARGET_NAME)";
				SDKROOT = iphoneos;
				SKIP_INSTALL = YES;
			};
			name = Release;
		};
		3157588A1E499FF872FF4CC0A06BDEC1 /* Debug */ = {
			isa = XCBuildConfiguration;
			baseConfigurationReference = 67CC74CE478C7CE5E96502741ED5DE7B /* FrameAccessor-Private.xcconfig */;
			buildSettings = {
				ENABLE_STRICT_OBJC_MSGSEND = YES;
				GCC_PREFIX_HEADER = "Target Support Files/FrameAccessor/FrameAccessor-prefix.pch";
				IPHONEOS_DEPLOYMENT_TARGET = 7.1;
				MTL_ENABLE_DEBUG_INFO = YES;
				OTHER_LDFLAGS = "";
				OTHER_LIBTOOLFLAGS = "";
				PRODUCT_NAME = "$(TARGET_NAME)";
				SDKROOT = iphoneos;
				SKIP_INSTALL = YES;
			};
			name = Debug;
		};
		3FDA1B8A34D9028D149E5F2E601EE07A /* Release */ = {
			isa = XCBuildConfiguration;
			baseConfigurationReference = D7F5BAB9B28D783D6594589611A54E1A /* NBULogStub-Private.xcconfig */;
			buildSettings = {
				ENABLE_STRICT_OBJC_MSGSEND = YES;
				GCC_PREFIX_HEADER = "Target Support Files/NBULogStub/NBULogStub-prefix.pch";
				IPHONEOS_DEPLOYMENT_TARGET = 7.1;
				MTL_ENABLE_DEBUG_INFO = NO;
				OTHER_LDFLAGS = "";
				OTHER_LIBTOOLFLAGS = "";
				PRODUCT_NAME = "$(TARGET_NAME)";
				SDKROOT = iphoneos;
				SKIP_INSTALL = YES;
			};
			name = Release;
		};
		4D58BFC03B330B2C5FCEE138DD86243F /* Release */ = {
			isa = XCBuildConfiguration;
			baseConfigurationReference = 53C093865807B6B6EA76DEC5A9B830B1 /* Pods-NNDraggableScrollBarController_Example.release.xcconfig */;
			buildSettings = {
				ENABLE_STRICT_OBJC_MSGSEND = YES;
				IPHONEOS_DEPLOYMENT_TARGET = 7.1;
				MTL_ENABLE_DEBUG_INFO = NO;
				OTHER_LDFLAGS = "";
				OTHER_LIBTOOLFLAGS = "";
				PODS_ROOT = "$(SRCROOT)";
				PRODUCT_NAME = "$(TARGET_NAME)";
				SDKROOT = iphoneos;
				SKIP_INSTALL = YES;
			};
			name = Release;
		};
		506C3F1C866621EEE23CF39C24B1FF69 /* Debug */ = {
			isa = XCBuildConfiguration;
			baseConfigurationReference = C94B02F92F8C84EDCDDA6AACF068363B /* Pods-NNDraggableScrollBarController_Example.debug.xcconfig */;
			buildSettings = {
				ENABLE_STRICT_OBJC_MSGSEND = YES;
				IPHONEOS_DEPLOYMENT_TARGET = 7.1;
				MTL_ENABLE_DEBUG_INFO = YES;
				OTHER_LDFLAGS = "";
				OTHER_LIBTOOLFLAGS = "";
				PODS_ROOT = "$(SRCROOT)";
				PRODUCT_NAME = "$(TARGET_NAME)";
				SDKROOT = iphoneos;
				SKIP_INSTALL = YES;
			};
			name = Debug;
		};
		52AE2DAD31485217BDF60D2E60B5BC15 /* Release */ = {
			isa = XCBuildConfiguration;
			baseConfigurationReference = E6CB756A57F04A77338C93F6976F8B24 /* NBULog-Private.xcconfig */;
			buildSettings = {
				ENABLE_STRICT_OBJC_MSGSEND = YES;
				GCC_PREFIX_HEADER = "Target Support Files/NBULog/NBULog-prefix.pch";
				IPHONEOS_DEPLOYMENT_TARGET = 7.1;
				MTL_ENABLE_DEBUG_INFO = NO;
				OTHER_LDFLAGS = "";
				OTHER_LIBTOOLFLAGS = "";
				PRODUCT_NAME = "$(TARGET_NAME)";
				SDKROOT = iphoneos;
				SKIP_INSTALL = YES;
			};
			name = Release;
		};
		5C966E87D6FDA9A3964FCABB94C0080F /* Release */ = {
			isa = XCBuildConfiguration;
			baseConfigurationReference = BDC550016BF8CC09BA237382FC4B6A95 /* NNDraggableScrollBarController-Private.xcconfig */;
			buildSettings = {
				ENABLE_STRICT_OBJC_MSGSEND = YES;
				PRODUCT_NAME = NNDraggableScrollBarController;
				SDKROOT = iphoneos;
				SKIP_INSTALL = YES;
				WRAPPER_EXTENSION = bundle;
			};
			name = Release;
		};
		6F5C7DA1B33420F9B67F752DE5684C81 /* Debug */ = {
			isa = XCBuildConfiguration;
			baseConfigurationReference = 07443A5FE311586D8899C7AA4C6DA1A1 /* KVOController-Private.xcconfig */;
			buildSettings = {
				ENABLE_STRICT_OBJC_MSGSEND = YES;
				GCC_PREFIX_HEADER = "Target Support Files/KVOController/KVOController-prefix.pch";
				IPHONEOS_DEPLOYMENT_TARGET = 7.1;
				MTL_ENABLE_DEBUG_INFO = YES;
				OTHER_LDFLAGS = "";
				OTHER_LIBTOOLFLAGS = "";
				PRODUCT_NAME = "$(TARGET_NAME)";
				SDKROOT = iphoneos;
				SKIP_INSTALL = YES;
			};
			name = Debug;
		};
		7630E1C9A25470BD266B8201902562F2 /* Release */ = {
			isa = XCBuildConfiguration;
			baseConfigurationReference = 67CC74CE478C7CE5E96502741ED5DE7B /* FrameAccessor-Private.xcconfig */;
			buildSettings = {
				ENABLE_STRICT_OBJC_MSGSEND = YES;
				GCC_PREFIX_HEADER = "Target Support Files/FrameAccessor/FrameAccessor-prefix.pch";
				IPHONEOS_DEPLOYMENT_TARGET = 7.1;
				MTL_ENABLE_DEBUG_INFO = NO;
				OTHER_LDFLAGS = "";
				OTHER_LIBTOOLFLAGS = "";
				PRODUCT_NAME = "$(TARGET_NAME)";
				SDKROOT = iphoneos;
				SKIP_INSTALL = YES;
			};
			name = Release;
		};
		8464D7C976F28920747EED6EF692FB0B /* Release */ = {
			isa = XCBuildConfiguration;
			baseConfigurationReference = BDC550016BF8CC09BA237382FC4B6A95 /* NNDraggableScrollBarController-Private.xcconfig */;
			buildSettings = {
				ENABLE_STRICT_OBJC_MSGSEND = YES;
				GCC_PREFIX_HEADER = "Target Support Files/NNDraggableScrollBarController/NNDraggableScrollBarController-prefix.pch";
				IPHONEOS_DEPLOYMENT_TARGET = 7.1;
				MTL_ENABLE_DEBUG_INFO = NO;
				OTHER_LDFLAGS = "";
				OTHER_LIBTOOLFLAGS = "";
				PRODUCT_NAME = "$(TARGET_NAME)";
				SDKROOT = iphoneos;
				SKIP_INSTALL = YES;
			};
			name = Release;
		};
		8BC38B9A3D48D44006227A840E033C85 /* Debug */ = {
			isa = XCBuildConfiguration;
			baseConfigurationReference = D7F5BAB9B28D783D6594589611A54E1A /* NBULogStub-Private.xcconfig */;
			buildSettings = {
				ENABLE_STRICT_OBJC_MSGSEND = YES;
				PRODUCT_NAME = NBULogStub;
				SDKROOT = iphoneos;
				SKIP_INSTALL = YES;
				WRAPPER_EXTENSION = bundle;
			};
			name = Debug;
		};
		A1CCE95861CE0498224BDB8959C1BC84 /* Debug */ = {
			isa = XCBuildConfiguration;
			baseConfigurationReference = BDC550016BF8CC09BA237382FC4B6A95 /* NNDraggableScrollBarController-Private.xcconfig */;
			buildSettings = {
				ENABLE_STRICT_OBJC_MSGSEND = YES;
				PRODUCT_NAME = NNDraggableScrollBarController;
				SDKROOT = iphoneos;
				SKIP_INSTALL = YES;
				WRAPPER_EXTENSION = bundle;
			};
			name = Debug;
		};
		D23D3D5175CFA68F15F1DF18D2DD06E9 /* Debug */ = {
			isa = XCBuildConfiguration;
			baseConfigurationReference = D7F5BAB9B28D783D6594589611A54E1A /* NBULogStub-Private.xcconfig */;
			buildSettings = {
				ENABLE_STRICT_OBJC_MSGSEND = YES;
				GCC_PREFIX_HEADER = "Target Support Files/NBULogStub/NBULogStub-prefix.pch";
				IPHONEOS_DEPLOYMENT_TARGET = 7.1;
				MTL_ENABLE_DEBUG_INFO = YES;
				OTHER_LDFLAGS = "";
				OTHER_LIBTOOLFLAGS = "";
				PRODUCT_NAME = "$(TARGET_NAME)";
				SDKROOT = iphoneos;
				SKIP_INSTALL = YES;
			};
			name = Debug;
		};
		DC482AB663F824690B01B8CCB3BFA5F9 /* Release */ = {
			isa = XCBuildConfiguration;
			baseConfigurationReference = 2ED89491AE88DC36765A990BAE94AD3A /* CocoaLumberjack-Private.xcconfig */;
			buildSettings = {
				ENABLE_STRICT_OBJC_MSGSEND = YES;
				GCC_PREFIX_HEADER = "Target Support Files/CocoaLumberjack/CocoaLumberjack-prefix.pch";
				IPHONEOS_DEPLOYMENT_TARGET = 7.1;
				MTL_ENABLE_DEBUG_INFO = NO;
				OTHER_LDFLAGS = "";
				OTHER_LIBTOOLFLAGS = "";
				PRODUCT_NAME = "$(TARGET_NAME)";
				SDKROOT = iphoneos;
				SKIP_INSTALL = YES;
			};
			name = Release;
		};
		DDA6E33147531B92B30DED846B0D9445 /* Release */ = {
			isa = XCBuildConfiguration;
			baseConfigurationReference = D7F5BAB9B28D783D6594589611A54E1A /* NBULogStub-Private.xcconfig */;
			buildSettings = {
				ENABLE_STRICT_OBJC_MSGSEND = YES;
				PRODUCT_NAME = NBULogStub;
				SDKROOT = iphoneos;
				SKIP_INSTALL = YES;
				WRAPPER_EXTENSION = bundle;
			};
			name = Release;
		};
		E6A74FC6161EA0B5E71D7F5E846EFBDA /* Debug */ = {
			isa = XCBuildConfiguration;
			baseConfigurationReference = 84DFC4C34CF1FE185980B7B01A2364A6 /* Pods-NNDraggableScrollBarController_Tests.debug.xcconfig */;
			buildSettings = {
				ENABLE_STRICT_OBJC_MSGSEND = YES;
				IPHONEOS_DEPLOYMENT_TARGET = 7.1;
				MTL_ENABLE_DEBUG_INFO = YES;
				OTHER_LDFLAGS = "";
				OTHER_LIBTOOLFLAGS = "";
				PODS_ROOT = "$(SRCROOT)";
				PRODUCT_NAME = "$(TARGET_NAME)";
				SDKROOT = iphoneos;
				SKIP_INSTALL = YES;
			};
			name = Debug;
		};
		F3B787763F64CE2AB86A6B6C2A757A19 /* Debug */ = {
			isa = XCBuildConfiguration;
			baseConfigurationReference = 2ED89491AE88DC36765A990BAE94AD3A /* CocoaLumberjack-Private.xcconfig */;
			buildSettings = {
				ENABLE_STRICT_OBJC_MSGSEND = YES;
				GCC_PREFIX_HEADER = "Target Support Files/CocoaLumberjack/CocoaLumberjack-prefix.pch";
				IPHONEOS_DEPLOYMENT_TARGET = 7.1;
				MTL_ENABLE_DEBUG_INFO = YES;
				OTHER_LDFLAGS = "";
				OTHER_LIBTOOLFLAGS = "";
				PRODUCT_NAME = "$(TARGET_NAME)";
				SDKROOT = iphoneos;
				SKIP_INSTALL = YES;
			};
			name = Debug;
		};
/* End XCBuildConfiguration section */

/* Begin XCConfigurationList section */
		006158E69E46DEB7EC0B4AA81B890DA0 /* Build configuration list for PBXNativeTarget "NNDraggableScrollBarController" */ = {
			isa = XCConfigurationList;
			buildConfigurations = (
				069E39B11CE8985D7DFFE396EAE6A525 /* Debug */,
				8464D7C976F28920747EED6EF692FB0B /* Release */,
			);
			defaultConfigurationIsVisible = 0;
			defaultConfigurationName = Release;
		};
		2D8E8EC45A3A1A1D94AE762CB5028504 /* Build configuration list for PBXProject "Pods" */ = {
			isa = XCConfigurationList;
			buildConfigurations = (
				0B57334D6C23DADAA4F7D802A5760EB2 /* Debug */,
				03CA91998D6773EC5D02B3DB87B8353E /* Release */,
			);
			defaultConfigurationIsVisible = 0;
			defaultConfigurationName = Release;
		};
		55653D1F447F5C37573AA52C17E2D304 /* Build configuration list for PBXNativeTarget "FrameAccessor" */ = {
			isa = XCConfigurationList;
			buildConfigurations = (
				3157588A1E499FF872FF4CC0A06BDEC1 /* Debug */,
				7630E1C9A25470BD266B8201902562F2 /* Release */,
			);
			defaultConfigurationIsVisible = 0;
			defaultConfigurationName = Release;
		};
		5628910896C3DDF27DE891B930271FD1 /* Build configuration list for PBXNativeTarget "Pods-NNDraggableScrollBarController_Example" */ = {
			isa = XCConfigurationList;
			buildConfigurations = (
				506C3F1C866621EEE23CF39C24B1FF69 /* Debug */,
				4D58BFC03B330B2C5FCEE138DD86243F /* Release */,
			);
			defaultConfigurationIsVisible = 0;
			defaultConfigurationName = Release;
		};
		62FDCB41C07B36DD180CFDB69D5B70AD /* Build configuration list for PBXNativeTarget "NBULogStub-NBULogStub" */ = {
			isa = XCConfigurationList;
			buildConfigurations = (
				8BC38B9A3D48D44006227A840E033C85 /* Debug */,
				DDA6E33147531B92B30DED846B0D9445 /* Release */,
			);
			defaultConfigurationIsVisible = 0;
			defaultConfigurationName = Release;
		};
		7302731DB2FDBDAE12B2B00827324947 /* Build configuration list for PBXNativeTarget "NBULogStub" */ = {
			isa = XCConfigurationList;
			buildConfigurations = (
				D23D3D5175CFA68F15F1DF18D2DD06E9 /* Debug */,
				3FDA1B8A34D9028D149E5F2E601EE07A /* Release */,
			);
			defaultConfigurationIsVisible = 0;
			defaultConfigurationName = Release;
		};
		79431AA9A70AD07C4AFCCAC8BCB40937 /* Build configuration list for PBXNativeTarget "NNDraggableScrollBarController-NNDraggableScrollBarController" */ = {
			isa = XCConfigurationList;
			buildConfigurations = (
				A1CCE95861CE0498224BDB8959C1BC84 /* Debug */,
				5C966E87D6FDA9A3964FCABB94C0080F /* Release */,
			);
			defaultConfigurationIsVisible = 0;
			defaultConfigurationName = Release;
		};
		83C07AD558AC3A655D3C85D9887373F1 /* Build configuration list for PBXNativeTarget "CocoaLumberjack" */ = {
			isa = XCConfigurationList;
			buildConfigurations = (
				F3B787763F64CE2AB86A6B6C2A757A19 /* Debug */,
				DC482AB663F824690B01B8CCB3BFA5F9 /* Release */,
			);
			defaultConfigurationIsVisible = 0;
			defaultConfigurationName = Release;
		};
		8BCC1341402A5FDB3EFA5139E10BB67B /* Build configuration list for PBXNativeTarget "KVOController" */ = {
			isa = XCConfigurationList;
			buildConfigurations = (
				6F5C7DA1B33420F9B67F752DE5684C81 /* Debug */,
				263FFE8F9AC4279A9E7E33FF57FA3D9C /* Release */,
			);
			defaultConfigurationIsVisible = 0;
			defaultConfigurationName = Release;
		};
		8E99EE21A52C835B9418423F5407327C /* Build configuration list for PBXNativeTarget "NBULog" */ = {
			isa = XCConfigurationList;
			buildConfigurations = (
				08A42158CC6CA59D12C41AF350566C13 /* Debug */,
				52AE2DAD31485217BDF60D2E60B5BC15 /* Release */,
			);
			defaultConfigurationIsVisible = 0;
			defaultConfigurationName = Release;
		};
		B7349990F1771D586A5DC0A7A13212F2 /* Build configuration list for PBXNativeTarget "Pods-NNDraggableScrollBarController_Tests" */ = {
			isa = XCConfigurationList;
			buildConfigurations = (
				E6A74FC6161EA0B5E71D7F5E846EFBDA /* Debug */,
				1475AAE0976862448947F5E239B4FA5A /* Release */,
			);
			defaultConfigurationIsVisible = 0;
			defaultConfigurationName = Release;
		};
/* End XCConfigurationList section */
	};
	rootObject = D41D8CD98F00B204E9800998ECF8427E /* Project object */;
}
